// !$*UTF8*$!
{
	archiveVersion = 1;
	classes = {
	};
	objectVersion = 48;
	objects = {

/* Begin PBXAggregateTarget section */
		E84923D51FC58F500037C6CD /* Linting */ = {
			isa = PBXAggregateTarget;
			buildConfigurationList = E84923D81FC58F500037C6CD /* Build configuration list for PBXAggregateTarget "Linting" */;
			buildPhases = (
				E84923D91FC58F550037C6CD /* Lint */,
			);
			dependencies = (
			);
			name = Linting;
			productName = Linting;
		};
/* End PBXAggregateTarget section */

/* Begin PBXBuildFile section */
		9749153A242D5EFB007FD83A /* ConsumersService.swift in Sources */ = {isa = PBXBuildFile; fileRef = 97491539242D5EFB007FD83A /* ConsumersService.swift */; };
		9749153C242DEF2E007FD83A /* ConsumersController.swift in Sources */ = {isa = PBXBuildFile; fileRef = 9749153B242DEF2E007FD83A /* ConsumersController.swift */; };
		9749153D242DEF2E007FD83A /* ConsumersController.swift in Sources */ = {isa = PBXBuildFile; fileRef = 9749153B242DEF2E007FD83A /* ConsumersController.swift */; };
		9749153E242DEF37007FD83A /* ConsumersService.swift in Sources */ = {isa = PBXBuildFile; fileRef = 97491539242D5EFB007FD83A /* ConsumersService.swift */; };
		97491540242DF956007FD83A /* ConsumerResponse.swift in Sources */ = {isa = PBXBuildFile; fileRef = 9749153F242DF956007FD83A /* ConsumerResponse.swift */; };
		97491541242DF956007FD83A /* ConsumerResponse.swift in Sources */ = {isa = PBXBuildFile; fileRef = 9749153F242DF956007FD83A /* ConsumerResponse.swift */; };
		97A715AC239FA08100799F2F /* ProfileAcceptanceRequrest.swift in Sources */ = {isa = PBXBuildFile; fileRef = 97A715AB239FA08100799F2F /* ProfileAcceptanceRequrest.swift */; };
		97A715AE239FA60200799F2F /* Acceptance.swift in Sources */ = {isa = PBXBuildFile; fileRef = 97A715AD239FA60200799F2F /* Acceptance.swift */; };
		97E5B00B2430F89E00FC26A1 /* ProfileMeRequest.swift in Sources */ = {isa = PBXBuildFile; fileRef = 97E5B00A2430F89E00FC26A1 /* ProfileMeRequest.swift */; };
		97E5B00C2430F89E00FC26A1 /* ProfileMeRequest.swift in Sources */ = {isa = PBXBuildFile; fileRef = 97E5B00A2430F89E00FC26A1 /* ProfileMeRequest.swift */; };
		E80059791FB44D8C005E8DD6 /* DHController+Context.swift in Sources */ = {isa = PBXBuildFile; fileRef = E80059781FB44D8C005E8DD6 /* DHController+Context.swift */; };
		E80059861FB45A8F005E8DD6 /* BigInteger.swift in Sources */ = {isa = PBXBuildFile; fileRef = E80059851FB45A8E005E8DD6 /* BigInteger.swift */; };
		E80059891FB45DBB005E8DD6 /* CancellableOperation.swift in Sources */ = {isa = PBXBuildFile; fileRef = E80059881FB45DBB005E8DD6 /* CancellableOperation.swift */; };
		E800598B1FB45DD9005E8DD6 /* DispatchWorkItem+CancellableOperation.swift in Sources */ = {isa = PBXBuildFile; fileRef = E800598A1FB45DD9005E8DD6 /* DispatchWorkItem+CancellableOperation.swift */; };
		E80059A71FB46CAF005E8DD6 /* libssl.a in Frameworks */ = {isa = PBXBuildFile; fileRef = E80059A51FB46CAF005E8DD6 /* libssl.a */; };
		E80059A81FB46CAF005E8DD6 /* libcrypto.a in Frameworks */ = {isa = PBXBuildFile; fileRef = E80059A61FB46CAF005E8DD6 /* libcrypto.a */; };
		E8026B6521EE21A800E99599 /* PaymentsService.swift in Sources */ = {isa = PBXBuildFile; fileRef = E8026B6421EE21A800E99599 /* PaymentsService.swift */; };
		E8026B6C21EE27EC00E99599 /* PaymentsController.swift in Sources */ = {isa = PBXBuildFile; fileRef = E8026B6B21EE27EC00E99599 /* PaymentsController.swift */; };
		E8026B6D21EE27EC00E99599 /* PaymentsController.swift in Sources */ = {isa = PBXBuildFile; fileRef = E8026B6B21EE27EC00E99599 /* PaymentsController.swift */; };
		E8026B6E21EE27F100E99599 /* PaymentsService.swift in Sources */ = {isa = PBXBuildFile; fileRef = E8026B6421EE21A800E99599 /* PaymentsService.swift */; };
		E8026B7021EE298800E99599 /* PaymentUpdateAction.swift in Sources */ = {isa = PBXBuildFile; fileRef = E8026B6F21EE298800E99599 /* PaymentUpdateAction.swift */; };
		E8026B7121EE298800E99599 /* PaymentUpdateAction.swift in Sources */ = {isa = PBXBuildFile; fileRef = E8026B6F21EE298800E99599 /* PaymentUpdateAction.swift */; };
		E8062F2921EF3415004BD1CA /* PaginatedDataResponse.swift in Sources */ = {isa = PBXBuildFile; fileRef = E8062F2821EF3415004BD1CA /* PaginatedDataResponse.swift */; };
		E8062F2A21EF3415004BD1CA /* PaginatedDataResponse.swift in Sources */ = {isa = PBXBuildFile; fileRef = E8062F2821EF3415004BD1CA /* PaginatedDataResponse.swift */; };
		E8116CEC230ACA9400DE95A6 /* HTTPURLResponse+Headers.swift in Sources */ = {isa = PBXBuildFile; fileRef = E8116CEB230ACA9400DE95A6 /* HTTPURLResponse+Headers.swift */; };
		E8116CED230ACA9400DE95A6 /* HTTPURLResponse+Headers.swift in Sources */ = {isa = PBXBuildFile; fileRef = E8116CEB230ACA9400DE95A6 /* HTTPURLResponse+Headers.swift */; };
		E815C7E81FC31905002B7246 /* EnvironmentKeychainConfig.swift in Sources */ = {isa = PBXBuildFile; fileRef = E815C7E71FC31905002B7246 /* EnvironmentKeychainConfig.swift */; };
		E83A868F1FC80E5900C705B0 /* NavigationController.swift in Sources */ = {isa = PBXBuildFile; fileRef = E83A868E1FC80E5900C705B0 /* NavigationController.swift */; };
		E83A86921FC80EAC00C705B0 /* ProfileRequiring.swift in Sources */ = {isa = PBXBuildFile; fileRef = E83A86911FC80EAC00C705B0 /* ProfileRequiring.swift */; };
		E83A869D1FC82C9A00C705B0 /* UIDevice+Model.swift in Sources */ = {isa = PBXBuildFile; fileRef = E83A869C1FC82C9A00C705B0 /* UIDevice+Model.swift */; };
		E84E92BC1FB203A700E80816 /* SatispayInStore.h in Headers */ = {isa = PBXBuildFile; fileRef = E84E92BA1FB203A700E80816 /* SatispayInStore.h */; settings = {ATTRIBUTES = (Public, ); }; };
		E84E93061FB20A1100E80816 /* DailyClosureResponse.swift in Sources */ = {isa = PBXBuildFile; fileRef = E84E92D31FB20A1100E80816 /* DailyClosureResponse.swift */; };
		E84E93091FB20A1100E80816 /* DHEncryptedRequest.swift in Sources */ = {isa = PBXBuildFile; fileRef = E84E92D61FB20A1100E80816 /* DHEncryptedRequest.swift */; };
		E84E930A1FB20A1100E80816 /* ShopLocationUpdateRequest.swift in Sources */ = {isa = PBXBuildFile; fileRef = E84E92D71FB20A1100E80816 /* ShopLocationUpdateRequest.swift */; };
		E84E930B1FB20A1100E80816 /* PaymentsListRequest.swift in Sources */ = {isa = PBXBuildFile; fileRef = E84E92D81FB20A1100E80816 /* PaymentsListRequest.swift */; };
		E84E930C1FB20A1100E80816 /* DHChallengeRequest.swift in Sources */ = {isa = PBXBuildFile; fileRef = E84E92D91FB20A1100E80816 /* DHChallengeRequest.swift */; };
		E84E930D1FB20A1100E80816 /* ServerErrorResponse.swift in Sources */ = {isa = PBXBuildFile; fileRef = E84E92DA1FB20A1100E80816 /* ServerErrorResponse.swift */; };
		E84E930E1FB20A1100E80816 /* PaymentUpdateRequest.swift in Sources */ = {isa = PBXBuildFile; fileRef = E84E92DB1FB20A1100E80816 /* PaymentUpdateRequest.swift */; };
		E84E930F1FB20A1100E80816 /* DHExchangeRequest.swift in Sources */ = {isa = PBXBuildFile; fileRef = E84E92DC1FB20A1100E80816 /* DHExchangeRequest.swift */; };
		E84E93101FB20A1100E80816 /* DHChallengeResponse.swift in Sources */ = {isa = PBXBuildFile; fileRef = E84E92DD1FB20A1100E80816 /* DHChallengeResponse.swift */; };
		E84E93111FB20A1100E80816 /* DHExchangeResponse.swift in Sources */ = {isa = PBXBuildFile; fileRef = E84E92DE1FB20A1100E80816 /* DHExchangeResponse.swift */; };
		E84E93121FB20A1100E80816 /* DHVerificationRequest.swift in Sources */ = {isa = PBXBuildFile; fileRef = E84E92DF1FB20A1100E80816 /* DHVerificationRequest.swift */; };
		E84E93131FB20A1100E80816 /* DHEncryptedResponse.swift in Sources */ = {isa = PBXBuildFile; fileRef = E84E92E01FB20A1100E80816 /* DHEncryptedResponse.swift */; };
		E84E93141FB20A1100E80816 /* StartedResponse.swift in Sources */ = {isa = PBXBuildFile; fileRef = E84E92E11FB20A1100E80816 /* StartedResponse.swift */; };
		E84E93151FB20A1100E80816 /* DHVerificationResponse.swift in Sources */ = {isa = PBXBuildFile; fileRef = E84E92E21FB20A1100E80816 /* DHVerificationResponse.swift */; };
		E84E93171FB20A1100E80816 /* StartedRequest.swift in Sources */ = {isa = PBXBuildFile; fileRef = E84E92E41FB20A1100E80816 /* StartedRequest.swift */; };
		E84E93181FB20A1100E80816 /* DeviceUpdateRequest.swift in Sources */ = {isa = PBXBuildFile; fileRef = E84E92E51FB20A1100E80816 /* DeviceUpdateRequest.swift */; };
		E84E931A1FB20A1100E80816 /* ProtocolError.swift in Sources */ = {isa = PBXBuildFile; fileRef = E84E92E71FB20A1100E80816 /* ProtocolError.swift */; };
		E84E931C1FB20A1100E80816 /* DailyClosureController.swift in Sources */ = {isa = PBXBuildFile; fileRef = E84E92EA1FB20A1100E80816 /* DailyClosureController.swift */; };
		E84E931D1FB20A1100E80816 /* PaymentsController+Update.swift in Sources */ = {isa = PBXBuildFile; fileRef = E84E92EB1FB20A1100E80816 /* PaymentsController+Update.swift */; };
		E84E931E1FB20A1100E80816 /* NetworkController.swift in Sources */ = {isa = PBXBuildFile; fileRef = E84E92EC1FB20A1100E80816 /* NetworkController.swift */; };
		E84E931F1FB20A1100E80816 /* DHController+Exchange.swift in Sources */ = {isa = PBXBuildFile; fileRef = E84E92ED1FB20A1100E80816 /* DHController+Exchange.swift */; };
		E84E93201FB20A1100E80816 /* DHController+Verification.swift in Sources */ = {isa = PBXBuildFile; fileRef = E84E92EE1FB20A1100E80816 /* DHController+Verification.swift */; };
		E84E93211FB20A1100E80816 /* DHController+PublicKey.swift in Sources */ = {isa = PBXBuildFile; fileRef = E84E92EF1FB20A1100E80816 /* DHController+PublicKey.swift */; };
		E84E93231FB20A1100E80816 /* ProfileController.swift in Sources */ = {isa = PBXBuildFile; fileRef = E84E92F11FB20A1100E80816 /* ProfileController.swift */; };
		E84E93241FB20A1100E80816 /* AnalyticsController.swift in Sources */ = {isa = PBXBuildFile; fileRef = E84E92F21FB20A1100E80816 /* AnalyticsController.swift */; };
		E84E93251FB20A1100E80816 /* DevicesController.swift in Sources */ = {isa = PBXBuildFile; fileRef = E84E92F31FB20A1100E80816 /* DevicesController.swift */; };
		E84E93261FB20A1100E80816 /* ShopsController.swift in Sources */ = {isa = PBXBuildFile; fileRef = E84E92F41FB20A1100E80816 /* ShopsController.swift */; };
		E84E93271FB20A1100E80816 /* DHController+Challenge.swift in Sources */ = {isa = PBXBuildFile; fileRef = E84E92F51FB20A1100E80816 /* DHController+Challenge.swift */; };
		E84E93281FB20A1100E80816 /* DHController+Parameters.swift in Sources */ = {isa = PBXBuildFile; fileRef = E84E92F61FB20A1100E80816 /* DHController+Parameters.swift */; };
		E84E93291FB20A1100E80816 /* DHController.swift in Sources */ = {isa = PBXBuildFile; fileRef = E84E92F71FB20A1100E80816 /* DHController.swift */; };
		E84E932A1FB20A1100E80816 /* PaymentsController+Payments.swift in Sources */ = {isa = PBXBuildFile; fileRef = E84E92F81FB20A1100E80816 /* PaymentsController+Payments.swift */; };
		E84E932D1FB20A1200E80816 /* DevicesService.swift in Sources */ = {isa = PBXBuildFile; fileRef = E84E92FC1FB20A1100E80816 /* DevicesService.swift */; };
		E84E932E1FB20A1200E80816 /* ProfileService.swift in Sources */ = {isa = PBXBuildFile; fileRef = E84E92FD1FB20A1100E80816 /* ProfileService.swift */; };
		E84E932F1FB20A1200E80816 /* DailyClosureService.swift in Sources */ = {isa = PBXBuildFile; fileRef = E84E92FE1FB20A1100E80816 /* DailyClosureService.swift */; };
		E84E93301FB20A1200E80816 /* AnalyticsService.swift in Sources */ = {isa = PBXBuildFile; fileRef = E84E92FF1FB20A1100E80816 /* AnalyticsService.swift */; };
		E84E93311FB20A1200E80816 /* ShopsService.swift in Sources */ = {isa = PBXBuildFile; fileRef = E84E93001FB20A1100E80816 /* ShopsService.swift */; };
		E84E93321FB20A1200E80816 /* DHService.swift in Sources */ = {isa = PBXBuildFile; fileRef = E84E93011FB20A1100E80816 /* DHService.swift */; };
		E84E93331FB20A1200E80816 /* NetworkService.swift in Sources */ = {isa = PBXBuildFile; fileRef = E84E93021FB20A1100E80816 /* NetworkService.swift */; };
		E84E935E1FB225B700E80816 /* Payment.swift in Sources */ = {isa = PBXBuildFile; fileRef = E84E935D1FB225B700E80816 /* Payment.swift */; };
		E84E93621FB2275700E80816 /* JSONEncoder+Defaults.swift in Sources */ = {isa = PBXBuildFile; fileRef = E84E93601FB2275700E80816 /* JSONEncoder+Defaults.swift */; };
		E84E93631FB2275700E80816 /* JSONDecoder+Defaults.swift in Sources */ = {isa = PBXBuildFile; fileRef = E84E93611FB2275700E80816 /* JSONDecoder+Defaults.swift */; };
		E84E936B1FB228E600E80816 /* Profile.swift in Sources */ = {isa = PBXBuildFile; fileRef = E84E93681FB228E600E80816 /* Profile.swift */; };
		E87FF3F61FB5F0CB00DAB089 /* NetworkService+Error.swift in Sources */ = {isa = PBXBuildFile; fileRef = E87FF3F51FB5F0CB00DAB089 /* NetworkService+Error.swift */; };
		E88991941FB2F5930079FBDE /* SatispayInStoreConfig.swift in Sources */ = {isa = PBXBuildFile; fileRef = E88991931FB2F5930079FBDE /* SatispayInStoreConfig.swift */; };
		E889919A1FB300CA0079FBDE /* HTTPMethod.swift in Sources */ = {isa = PBXBuildFile; fileRef = E88991991FB300CA0079FBDE /* HTTPMethod.swift */; };
		E8AFC61322083B0A003A1839 /* Picture.swift in Sources */ = {isa = PBXBuildFile; fileRef = E8AFC61222083B0A003A1839 /* Picture.swift */; };
		E8AFC61422083B0A003A1839 /* Picture.swift in Sources */ = {isa = PBXBuildFile; fileRef = E8AFC61222083B0A003A1839 /* Picture.swift */; };
		E8AFC61622087921003A1839 /* PaymentCreationRequest.swift in Sources */ = {isa = PBXBuildFile; fileRef = E8AFC61522087921003A1839 /* PaymentCreationRequest.swift */; };
		E8AFC61722087921003A1839 /* PaymentCreationRequest.swift in Sources */ = {isa = PBXBuildFile; fileRef = E8AFC61522087921003A1839 /* PaymentCreationRequest.swift */; };
		E8AFC61E22087D21003A1839 /* PaymentsController+Creation.swift in Sources */ = {isa = PBXBuildFile; fileRef = E8AFC61D22087D21003A1839 /* PaymentsController+Creation.swift */; };
		E8AFC61F22087D21003A1839 /* PaymentsController+Creation.swift in Sources */ = {isa = PBXBuildFile; fileRef = E8AFC61D22087D21003A1839 /* PaymentsController+Creation.swift */; };
		E8B286BF1FD05A18004013F4 /* HTTPResponse.swift in Sources */ = {isa = PBXBuildFile; fileRef = E8B286BE1FD05A18004013F4 /* HTTPResponse.swift */; };
		E8C55F171FB342C200B20F93 /* ProtocolRequestSignerError.swift in Sources */ = {isa = PBXBuildFile; fileRef = E8C55F121FB342C200B20F93 /* ProtocolRequestSignerError.swift */; };
		E8C55F181FB342C200B20F93 /* ProtocolResponseVerifierError.swift in Sources */ = {isa = PBXBuildFile; fileRef = E8C55F131FB342C200B20F93 /* ProtocolResponseVerifierError.swift */; };
		E8C55F1A1FB342C200B20F93 /* ProtocolRequestSigner.swift in Sources */ = {isa = PBXBuildFile; fileRef = E8C55F151FB342C200B20F93 /* ProtocolRequestSigner.swift */; };
		E8C55F1B1FB342C200B20F93 /* ProtocolResponseVerifier.swift in Sources */ = {isa = PBXBuildFile; fileRef = E8C55F161FB342C200B20F93 /* ProtocolResponseVerifier.swift */; };
		E8C55F2E1FB342E700B20F93 /* RSA.swift in Sources */ = {isa = PBXBuildFile; fileRef = E8C55F1D1FB342E700B20F93 /* RSA.swift */; };
		E8C55F2F1FB342E700B20F93 /* AES.swift in Sources */ = {isa = PBXBuildFile; fileRef = E8C55F1E1FB342E700B20F93 /* AES.swift */; };
		E8C55F311FB342E700B20F93 /* DHParams.swift in Sources */ = {isa = PBXBuildFile; fileRef = E8C55F211FB342E700B20F93 /* DHParams.swift */; };
		E8C55F321FB342E700B20F93 /* OTP.swift in Sources */ = {isa = PBXBuildFile; fileRef = E8C55F221FB342E700B20F93 /* OTP.swift */; };
		E8C55F331FB342E700B20F93 /* Hash.swift in Sources */ = {isa = PBXBuildFile; fileRef = E8C55F241FB342E700B20F93 /* Hash.swift */; };
		E8C55F341FB342E700B20F93 /* HMAC.swift in Sources */ = {isa = PBXBuildFile; fileRef = E8C55F251FB342E700B20F93 /* HMAC.swift */; };
		E8C55F351FB342E700B20F93 /* CryptoError.swift in Sources */ = {isa = PBXBuildFile; fileRef = E8C55F261FB342E700B20F93 /* CryptoError.swift */; };
		E8C55F361FB342E700B20F93 /* KeyDerivation.swift in Sources */ = {isa = PBXBuildFile; fileRef = E8C55F271FB342E700B20F93 /* KeyDerivation.swift */; };
		E8C55F371FB342E700B20F93 /* KeychainError.swift in Sources */ = {isa = PBXBuildFile; fileRef = E8C55F291FB342E700B20F93 /* KeychainError.swift */; };
		E8C55F381FB342E700B20F93 /* Keychain+Keys.swift in Sources */ = {isa = PBXBuildFile; fileRef = E8C55F2A1FB342E700B20F93 /* Keychain+Keys.swift */; };
		E8C55F391FB342E700B20F93 /* KeychainEntry.swift in Sources */ = {isa = PBXBuildFile; fileRef = E8C55F2B1FB342E700B20F93 /* KeychainEntry.swift */; };
		E8C55F3A1FB342E700B20F93 /* Keychain.swift in Sources */ = {isa = PBXBuildFile; fileRef = E8C55F2C1FB342E700B20F93 /* Keychain.swift */; };
		E8C55F3B1FB342E700B20F93 /* Keychain+Overloads.swift in Sources */ = {isa = PBXBuildFile; fileRef = E8C55F2D1FB342E700B20F93 /* Keychain+Overloads.swift */; };
		E8C55F3D1FB3436400B20F93 /* EnvironmentConfig.swift in Sources */ = {isa = PBXBuildFile; fileRef = E8C55F3C1FB3436400B20F93 /* EnvironmentConfig.swift */; };
		E8C55F3F1FB343A600B20F93 /* Environments.swift in Sources */ = {isa = PBXBuildFile; fileRef = E8C55F3E1FB343A600B20F93 /* Environments.swift */; };
		E8C55F411FB363BC00B20F93 /* HTTPRequest.swift in Sources */ = {isa = PBXBuildFile; fileRef = E8C55F401FB363BC00B20F93 /* HTTPRequest.swift */; };
		E8C55F431FB364F300B20F93 /* NetworkService+Request.swift in Sources */ = {isa = PBXBuildFile; fileRef = E8C55F421FB364F300B20F93 /* NetworkService+Request.swift */; };
		E8C55F601FB3733C00B20F93 /* UpdateDeviceResponse.swift in Sources */ = {isa = PBXBuildFile; fileRef = E8C55F5F1FB3733C00B20F93 /* UpdateDeviceResponse.swift */; };
		E8C55F661FB3788600B20F93 /* DHError.swift in Sources */ = {isa = PBXBuildFile; fileRef = E8C55F651FB3788600B20F93 /* DHError.swift */; };
		E8C55F681FB3799200B20F93 /* UpdateLocationResponse.swift in Sources */ = {isa = PBXBuildFile; fileRef = E8C55F671FB3799200B20F93 /* UpdateLocationResponse.swift */; };
		E8C75FCD1FC6BC90001B5E7A /* AppDelegate.swift in Sources */ = {isa = PBXBuildFile; fileRef = E8C75FCC1FC6BC90001B5E7A /* AppDelegate.swift */; };
		E8C75FD21FC6BC90001B5E7A /* Main.storyboard in Resources */ = {isa = PBXBuildFile; fileRef = E8C75FD01FC6BC90001B5E7A /* Main.storyboard */; };
		E8C75FD41FC6BC90001B5E7A /* Assets.xcassets in Resources */ = {isa = PBXBuildFile; fileRef = E8C75FD31FC6BC90001B5E7A /* Assets.xcassets */; };
		E8C75FD71FC6BC90001B5E7A /* LaunchScreen.storyboard in Resources */ = {isa = PBXBuildFile; fileRef = E8C75FD51FC6BC90001B5E7A /* LaunchScreen.storyboard */; };
		E8C75FE41FC6BCFA001B5E7A /* RootViewController.swift in Sources */ = {isa = PBXBuildFile; fileRef = E8C75FE11FC6BCFA001B5E7A /* RootViewController.swift */; };
		E8C75FE51FC6BCFA001B5E7A /* MainViewController.swift in Sources */ = {isa = PBXBuildFile; fileRef = E8C75FE21FC6BCFA001B5E7A /* MainViewController.swift */; };
		E8DE9C3D1FBDC87B00B094D2 /* NetworkService+Notification.swift in Sources */ = {isa = PBXBuildFile; fileRef = E8DE9C3C1FBDC87B00B094D2 /* NetworkService+Notification.swift */; };
		E8E3447E2010BF330049385F /* SatispayInStore_macOS.h in Headers */ = {isa = PBXBuildFile; fileRef = E8E3447C2010BF330049385F /* SatispayInStore_macOS.h */; settings = {ATTRIBUTES = (Public, ); }; };
		E8E344822010C4550049385F /* SatispayInStoreConfig.swift in Sources */ = {isa = PBXBuildFile; fileRef = E88991931FB2F5930079FBDE /* SatispayInStoreConfig.swift */; };
		E8E344832010C4550049385F /* EnvironmentConfig.swift in Sources */ = {isa = PBXBuildFile; fileRef = E8C55F3C1FB3436400B20F93 /* EnvironmentConfig.swift */; };
		E8E344842010C4550049385F /* EnvironmentKeychainConfig.swift in Sources */ = {isa = PBXBuildFile; fileRef = E815C7E71FC31905002B7246 /* EnvironmentKeychainConfig.swift */; };
		E8E344852010C4550049385F /* Environments.swift in Sources */ = {isa = PBXBuildFile; fileRef = E8C55F3E1FB343A600B20F93 /* Environments.swift */; };
		E8E344862010C45C0049385F /* CancellableOperation.swift in Sources */ = {isa = PBXBuildFile; fileRef = E80059881FB45DBB005E8DD6 /* CancellableOperation.swift */; };
		E8E344872010C4620049385F /* BigInteger.swift in Sources */ = {isa = PBXBuildFile; fileRef = E80059851FB45A8E005E8DD6 /* BigInteger.swift */; };
		E8E344882010C4660049385F /* AES.swift in Sources */ = {isa = PBXBuildFile; fileRef = E8C55F1E1FB342E700B20F93 /* AES.swift */; };
		E8E344892010C4660049385F /* CryptoError.swift in Sources */ = {isa = PBXBuildFile; fileRef = E8C55F261FB342E700B20F93 /* CryptoError.swift */; };
		E8E3448A2010C4660049385F /* KeyDerivation.swift in Sources */ = {isa = PBXBuildFile; fileRef = E8C55F271FB342E700B20F93 /* KeyDerivation.swift */; };
		E8E3448B2010C4660049385F /* OTP.swift in Sources */ = {isa = PBXBuildFile; fileRef = E8C55F221FB342E700B20F93 /* OTP.swift */; };
		E8E3448C2010C4660049385F /* RSA.swift in Sources */ = {isa = PBXBuildFile; fileRef = E8C55F1D1FB342E700B20F93 /* RSA.swift */; };
		E8E3448D2010C46A0049385F /* DHParams.swift in Sources */ = {isa = PBXBuildFile; fileRef = E8C55F211FB342E700B20F93 /* DHParams.swift */; };
		E8E3448E2010C46A0049385F /* DHError.swift in Sources */ = {isa = PBXBuildFile; fileRef = E8C55F651FB3788600B20F93 /* DHError.swift */; };
		E8E3448F2010C46D0049385F /* Hash.swift in Sources */ = {isa = PBXBuildFile; fileRef = E8C55F241FB342E700B20F93 /* Hash.swift */; };
		E8E344902010C46D0049385F /* HMAC.swift in Sources */ = {isa = PBXBuildFile; fileRef = E8C55F251FB342E700B20F93 /* HMAC.swift */; };
		E8E344912010C4710049385F /* Keychain.swift in Sources */ = {isa = PBXBuildFile; fileRef = E8C55F2C1FB342E700B20F93 /* Keychain.swift */; };
		E8E344922010C4710049385F /* Keychain+Keys.swift in Sources */ = {isa = PBXBuildFile; fileRef = E8C55F2A1FB342E700B20F93 /* Keychain+Keys.swift */; };
		E8E344932010C4710049385F /* Keychain+Overloads.swift in Sources */ = {isa = PBXBuildFile; fileRef = E8C55F2D1FB342E700B20F93 /* Keychain+Overloads.swift */; };
		E8E344942010C4710049385F /* KeychainEntry.swift in Sources */ = {isa = PBXBuildFile; fileRef = E8C55F2B1FB342E700B20F93 /* KeychainEntry.swift */; };
		E8E344952010C4710049385F /* KeychainError.swift in Sources */ = {isa = PBXBuildFile; fileRef = E8C55F291FB342E700B20F93 /* KeychainError.swift */; };
		E8E344962010C4740049385F /* DispatchWorkItem+CancellableOperation.swift in Sources */ = {isa = PBXBuildFile; fileRef = E800598A1FB45DD9005E8DD6 /* DispatchWorkItem+CancellableOperation.swift */; };
		E8E344972010C4740049385F /* JSONDecoder+Defaults.swift in Sources */ = {isa = PBXBuildFile; fileRef = E84E93611FB2275700E80816 /* JSONDecoder+Defaults.swift */; };
		E8E344982010C4740049385F /* JSONEncoder+Defaults.swift in Sources */ = {isa = PBXBuildFile; fileRef = E84E93601FB2275700E80816 /* JSONEncoder+Defaults.swift */; };
		E8E344992010C4740049385F /* NetworkService+Notification.swift in Sources */ = {isa = PBXBuildFile; fileRef = E8DE9C3C1FBDC87B00B094D2 /* NetworkService+Notification.swift */; };
		E8E3449A2010C4780049385F /* Profile.swift in Sources */ = {isa = PBXBuildFile; fileRef = E84E93681FB228E600E80816 /* Profile.swift */; };
		E8E3449D2010C4780049385F /* Payment.swift in Sources */ = {isa = PBXBuildFile; fileRef = E84E935D1FB225B700E80816 /* Payment.swift */; };
		E8E3449E2010C47B0049385F /* HTTPMethod.swift in Sources */ = {isa = PBXBuildFile; fileRef = E88991991FB300CA0079FBDE /* HTTPMethod.swift */; };
		E8E3449F2010C47B0049385F /* HTTPRequest.swift in Sources */ = {isa = PBXBuildFile; fileRef = E8C55F401FB363BC00B20F93 /* HTTPRequest.swift */; };
		E8E344A02010C47B0049385F /* HTTPResponse.swift in Sources */ = {isa = PBXBuildFile; fileRef = E8B286BE1FD05A18004013F4 /* HTTPResponse.swift */; };
		E8E344A12010C47B0049385F /* NetworkService.swift in Sources */ = {isa = PBXBuildFile; fileRef = E84E93021FB20A1100E80816 /* NetworkService.swift */; };
		E8E344A22010C47B0049385F /* NetworkService+Error.swift in Sources */ = {isa = PBXBuildFile; fileRef = E87FF3F51FB5F0CB00DAB089 /* NetworkService+Error.swift */; };
		E8E344A32010C47B0049385F /* NetworkService+Request.swift in Sources */ = {isa = PBXBuildFile; fileRef = E8C55F421FB364F300B20F93 /* NetworkService+Request.swift */; };
		E8E344A42010C47E0049385F /* ProtocolError.swift in Sources */ = {isa = PBXBuildFile; fileRef = E84E92E71FB20A1100E80816 /* ProtocolError.swift */; };
		E8E344A52010C47E0049385F /* ProtocolRequestSigner.swift in Sources */ = {isa = PBXBuildFile; fileRef = E8C55F151FB342C200B20F93 /* ProtocolRequestSigner.swift */; };
		E8E344A62010C47E0049385F /* ProtocolRequestSignerError.swift in Sources */ = {isa = PBXBuildFile; fileRef = E8C55F121FB342C200B20F93 /* ProtocolRequestSignerError.swift */; };
		E8E344A72010C47E0049385F /* ProtocolResponseVerifier.swift in Sources */ = {isa = PBXBuildFile; fileRef = E8C55F161FB342C200B20F93 /* ProtocolResponseVerifier.swift */; };
		E8E344A82010C47E0049385F /* ProtocolResponseVerifierError.swift in Sources */ = {isa = PBXBuildFile; fileRef = E8C55F131FB342C200B20F93 /* ProtocolResponseVerifierError.swift */; };
		E8E344A92010C4850049385F /* AnalyticsController.swift in Sources */ = {isa = PBXBuildFile; fileRef = E84E92F21FB20A1100E80816 /* AnalyticsController.swift */; };
		E8E344AA2010C4850049385F /* DailyClosureController.swift in Sources */ = {isa = PBXBuildFile; fileRef = E84E92EA1FB20A1100E80816 /* DailyClosureController.swift */; };
		E8E344AB2010C4850049385F /* DevicesController.swift in Sources */ = {isa = PBXBuildFile; fileRef = E84E92F31FB20A1100E80816 /* DevicesController.swift */; };
		E8E344AC2010C4850049385F /* DHController.swift in Sources */ = {isa = PBXBuildFile; fileRef = E84E92F71FB20A1100E80816 /* DHController.swift */; };
		E8E344AD2010C4850049385F /* DHController+Context.swift in Sources */ = {isa = PBXBuildFile; fileRef = E80059781FB44D8C005E8DD6 /* DHController+Context.swift */; };
		E8E344AE2010C4850049385F /* DHController+Challenge.swift in Sources */ = {isa = PBXBuildFile; fileRef = E84E92F51FB20A1100E80816 /* DHController+Challenge.swift */; };
		E8E344AF2010C4850049385F /* DHController+Exchange.swift in Sources */ = {isa = PBXBuildFile; fileRef = E84E92ED1FB20A1100E80816 /* DHController+Exchange.swift */; };
		E8E344B02010C4850049385F /* DHController+Parameters.swift in Sources */ = {isa = PBXBuildFile; fileRef = E84E92F61FB20A1100E80816 /* DHController+Parameters.swift */; };
		E8E344B22010C4850049385F /* DHController+Verification.swift in Sources */ = {isa = PBXBuildFile; fileRef = E84E92EE1FB20A1100E80816 /* DHController+Verification.swift */; };
		E8E344B32010C4850049385F /* NetworkController.swift in Sources */ = {isa = PBXBuildFile; fileRef = E84E92EC1FB20A1100E80816 /* NetworkController.swift */; };
		E8E344B42010C4850049385F /* ProfileController.swift in Sources */ = {isa = PBXBuildFile; fileRef = E84E92F11FB20A1100E80816 /* ProfileController.swift */; };
		E8E344B52010C4850049385F /* ShopsController.swift in Sources */ = {isa = PBXBuildFile; fileRef = E84E92F41FB20A1100E80816 /* ShopsController.swift */; };
		E8E344B72010C4850049385F /* PaymentsController+Payments.swift in Sources */ = {isa = PBXBuildFile; fileRef = E84E92F81FB20A1100E80816 /* PaymentsController+Payments.swift */; };
		E8E344B82010C4850049385F /* PaymentsController+Update.swift in Sources */ = {isa = PBXBuildFile; fileRef = E84E92EB1FB20A1100E80816 /* PaymentsController+Update.swift */; };
		E8E344BA2010C48A0049385F /* DailyClosureResponse.swift in Sources */ = {isa = PBXBuildFile; fileRef = E84E92D31FB20A1100E80816 /* DailyClosureResponse.swift */; };
		E8E344BB2010C48A0049385F /* DeviceUpdateRequest.swift in Sources */ = {isa = PBXBuildFile; fileRef = E84E92E51FB20A1100E80816 /* DeviceUpdateRequest.swift */; };
		E8E344BC2010C48A0049385F /* DHChallengeRequest.swift in Sources */ = {isa = PBXBuildFile; fileRef = E84E92D91FB20A1100E80816 /* DHChallengeRequest.swift */; };
		E8E344BD2010C48A0049385F /* DHChallengeResponse.swift in Sources */ = {isa = PBXBuildFile; fileRef = E84E92DD1FB20A1100E80816 /* DHChallengeResponse.swift */; };
		E8E344BE2010C48A0049385F /* DHEncryptedRequest.swift in Sources */ = {isa = PBXBuildFile; fileRef = E84E92D61FB20A1100E80816 /* DHEncryptedRequest.swift */; };
		E8E344BF2010C48A0049385F /* DHEncryptedResponse.swift in Sources */ = {isa = PBXBuildFile; fileRef = E84E92E01FB20A1100E80816 /* DHEncryptedResponse.swift */; };
		E8E344C02010C48A0049385F /* DHExchangeRequest.swift in Sources */ = {isa = PBXBuildFile; fileRef = E84E92DC1FB20A1100E80816 /* DHExchangeRequest.swift */; };
		E8E344C12010C48A0049385F /* DHExchangeResponse.swift in Sources */ = {isa = PBXBuildFile; fileRef = E84E92DE1FB20A1100E80816 /* DHExchangeResponse.swift */; };
		E8E344C22010C48A0049385F /* DHVerificationRequest.swift in Sources */ = {isa = PBXBuildFile; fileRef = E84E92DF1FB20A1100E80816 /* DHVerificationRequest.swift */; };
		E8E344C32010C48A0049385F /* DHVerificationResponse.swift in Sources */ = {isa = PBXBuildFile; fileRef = E84E92E21FB20A1100E80816 /* DHVerificationResponse.swift */; };
		E8E344C52010C48A0049385F /* ServerErrorResponse.swift in Sources */ = {isa = PBXBuildFile; fileRef = E84E92DA1FB20A1100E80816 /* ServerErrorResponse.swift */; };
		E8E344C62010C48A0049385F /* ShopLocationUpdateRequest.swift in Sources */ = {isa = PBXBuildFile; fileRef = E84E92D71FB20A1100E80816 /* ShopLocationUpdateRequest.swift */; };
		E8E344C72010C48A0049385F /* StartedRequest.swift in Sources */ = {isa = PBXBuildFile; fileRef = E84E92E41FB20A1100E80816 /* StartedRequest.swift */; };
		E8E344C82010C48A0049385F /* StartedResponse.swift in Sources */ = {isa = PBXBuildFile; fileRef = E84E92E11FB20A1100E80816 /* StartedResponse.swift */; };
		E8E344CA2010C48A0049385F /* PaymentsListRequest.swift in Sources */ = {isa = PBXBuildFile; fileRef = E84E92D81FB20A1100E80816 /* PaymentsListRequest.swift */; };
		E8E344CB2010C48A0049385F /* PaymentUpdateRequest.swift in Sources */ = {isa = PBXBuildFile; fileRef = E84E92DB1FB20A1100E80816 /* PaymentUpdateRequest.swift */; };
		E8E344CD2010C48A0049385F /* UpdateDeviceResponse.swift in Sources */ = {isa = PBXBuildFile; fileRef = E8C55F5F1FB3733C00B20F93 /* UpdateDeviceResponse.swift */; };
		E8E344CE2010C48A0049385F /* UpdateLocationResponse.swift in Sources */ = {isa = PBXBuildFile; fileRef = E8C55F671FB3799200B20F93 /* UpdateLocationResponse.swift */; };
		E8E344CF2010C48E0049385F /* AnalyticsService.swift in Sources */ = {isa = PBXBuildFile; fileRef = E84E92FF1FB20A1100E80816 /* AnalyticsService.swift */; };
		E8E344D02010C48E0049385F /* DailyClosureService.swift in Sources */ = {isa = PBXBuildFile; fileRef = E84E92FE1FB20A1100E80816 /* DailyClosureService.swift */; };
		E8E344D12010C48E0049385F /* DevicesService.swift in Sources */ = {isa = PBXBuildFile; fileRef = E84E92FC1FB20A1100E80816 /* DevicesService.swift */; };
		E8E344D22010C48E0049385F /* DHService.swift in Sources */ = {isa = PBXBuildFile; fileRef = E84E93011FB20A1100E80816 /* DHService.swift */; };
		E8E344D32010C48E0049385F /* ProfileService.swift in Sources */ = {isa = PBXBuildFile; fileRef = E84E92FD1FB20A1100E80816 /* ProfileService.swift */; };
		E8E344D42010C48E0049385F /* ShopsService.swift in Sources */ = {isa = PBXBuildFile; fileRef = E84E93001FB20A1100E80816 /* ShopsService.swift */; };
		E8E3AA802024AF5900732698 /* libssl.a in Frameworks */ = {isa = PBXBuildFile; fileRef = E8E3AA7E2024AF5900732698 /* libssl.a */; };
		E8E3AA812024AF5900732698 /* libcrypto.a in Frameworks */ = {isa = PBXBuildFile; fileRef = E8E3AA7F2024AF5900732698 /* libcrypto.a */; };
		E8F02F471FC732940090F7DE /* SatispayInStore.framework in Frameworks */ = {isa = PBXBuildFile; fileRef = E84E92B71FB203A700E80816 /* SatispayInStore.framework */; };
/* End PBXBuildFile section */

/* Begin PBXContainerItemProxy section */
		E80059A11FB46B0D005E8DD6 /* PBXContainerItemProxy */ = {
			isa = PBXContainerItemProxy;
			containerPortal = E84E92AE1FB203A700E80816 /* Project object */;
			proxyType = 1;
			remoteGlobalIDString = E80059991FB46A68005E8DD6;
			remoteInfo = OpenSSL;
		};
		E89E0D7E2252098100A2D641 /* PBXContainerItemProxy */ = {
			isa = PBXContainerItemProxy;
			containerPortal = E84E92AE1FB203A700E80816 /* Project object */;
			proxyType = 1;
			remoteGlobalIDString = E80059991FB46A68005E8DD6;
			remoteInfo = OpenSSL;
		};
		E8F02F451FC7328B0090F7DE /* PBXContainerItemProxy */ = {
			isa = PBXContainerItemProxy;
			containerPortal = E84E92AE1FB203A700E80816 /* Project object */;
			proxyType = 1;
			remoteGlobalIDString = E84E92B61FB203A700E80816;
			remoteInfo = "SatispayInStore-iOS";
		};
/* End PBXContainerItemProxy section */

/* Begin PBXFileReference section */
		97491539242D5EFB007FD83A /* ConsumersService.swift */ = {isa = PBXFileReference; lastKnownFileType = sourcecode.swift; path = ConsumersService.swift; sourceTree = "<group>"; };
		9749153B242DEF2E007FD83A /* ConsumersController.swift */ = {isa = PBXFileReference; lastKnownFileType = sourcecode.swift; path = ConsumersController.swift; sourceTree = "<group>"; };
		9749153F242DF956007FD83A /* ConsumerResponse.swift */ = {isa = PBXFileReference; lastKnownFileType = sourcecode.swift; path = ConsumerResponse.swift; sourceTree = "<group>"; };
		97A715AB239FA08100799F2F /* ProfileAcceptanceRequrest.swift */ = {isa = PBXFileReference; lastKnownFileType = sourcecode.swift; path = ProfileAcceptanceRequrest.swift; sourceTree = "<group>"; };
		97A715AD239FA60200799F2F /* Acceptance.swift */ = {isa = PBXFileReference; lastKnownFileType = sourcecode.swift; path = Acceptance.swift; sourceTree = "<group>"; };
		97E5B00A2430F89E00FC26A1 /* ProfileMeRequest.swift */ = {isa = PBXFileReference; lastKnownFileType = sourcecode.swift; path = ProfileMeRequest.swift; sourceTree = "<group>"; };
		E80059781FB44D8C005E8DD6 /* DHController+Context.swift */ = {isa = PBXFileReference; lastKnownFileType = sourcecode.swift; path = "DHController+Context.swift"; sourceTree = "<group>"; };
		E80059851FB45A8E005E8DD6 /* BigInteger.swift */ = {isa = PBXFileReference; fileEncoding = 4; lastKnownFileType = sourcecode.swift; path = BigInteger.swift; sourceTree = "<group>"; };
		E80059881FB45DBB005E8DD6 /* CancellableOperation.swift */ = {isa = PBXFileReference; lastKnownFileType = sourcecode.swift; path = CancellableOperation.swift; sourceTree = "<group>"; };
		E800598A1FB45DD9005E8DD6 /* DispatchWorkItem+CancellableOperation.swift */ = {isa = PBXFileReference; lastKnownFileType = sourcecode.swift; path = "DispatchWorkItem+CancellableOperation.swift"; sourceTree = "<group>"; };
		E80059A51FB46CAF005E8DD6 /* libssl.a */ = {isa = PBXFileReference; lastKnownFileType = archive.ar; name = libssl.a; path = "OpenSSL/lib-ios/libssl.a"; sourceTree = "<group>"; };
		E80059A61FB46CAF005E8DD6 /* libcrypto.a */ = {isa = PBXFileReference; lastKnownFileType = archive.ar; name = libcrypto.a; path = "OpenSSL/lib-ios/libcrypto.a"; sourceTree = "<group>"; };
		E8026B6421EE21A800E99599 /* PaymentsService.swift */ = {isa = PBXFileReference; lastKnownFileType = sourcecode.swift; path = PaymentsService.swift; sourceTree = "<group>"; };
		E8026B6B21EE27EC00E99599 /* PaymentsController.swift */ = {isa = PBXFileReference; lastKnownFileType = sourcecode.swift; path = PaymentsController.swift; sourceTree = "<group>"; };
		E8026B6F21EE298800E99599 /* PaymentUpdateAction.swift */ = {isa = PBXFileReference; lastKnownFileType = sourcecode.swift; path = PaymentUpdateAction.swift; sourceTree = "<group>"; };
		E8062F2821EF3415004BD1CA /* PaginatedDataResponse.swift */ = {isa = PBXFileReference; lastKnownFileType = sourcecode.swift; path = PaginatedDataResponse.swift; sourceTree = "<group>"; };
		E8116CEB230ACA9400DE95A6 /* HTTPURLResponse+Headers.swift */ = {isa = PBXFileReference; lastKnownFileType = sourcecode.swift; path = "HTTPURLResponse+Headers.swift"; sourceTree = "<group>"; };
		E815C7E71FC31905002B7246 /* EnvironmentKeychainConfig.swift */ = {isa = PBXFileReference; lastKnownFileType = sourcecode.swift; path = EnvironmentKeychainConfig.swift; sourceTree = "<group>"; };
		E83A868E1FC80E5900C705B0 /* NavigationController.swift */ = {isa = PBXFileReference; lastKnownFileType = sourcecode.swift; path = NavigationController.swift; sourceTree = "<group>"; };
		E83A86911FC80EAC00C705B0 /* ProfileRequiring.swift */ = {isa = PBXFileReference; lastKnownFileType = sourcecode.swift; path = ProfileRequiring.swift; sourceTree = "<group>"; };
		E83A869C1FC82C9A00C705B0 /* UIDevice+Model.swift */ = {isa = PBXFileReference; fileEncoding = 4; lastKnownFileType = sourcecode.swift; path = "UIDevice+Model.swift"; sourceTree = "<group>"; };
		E84E92B71FB203A700E80816 /* SatispayInStore.framework */ = {isa = PBXFileReference; explicitFileType = wrapper.framework; includeInIndex = 0; path = SatispayInStore.framework; sourceTree = BUILT_PRODUCTS_DIR; };
		E84E92BA1FB203A700E80816 /* SatispayInStore.h */ = {isa = PBXFileReference; lastKnownFileType = sourcecode.c.h; path = SatispayInStore.h; sourceTree = "<group>"; };
		E84E92BB1FB203A700E80816 /* Info.plist */ = {isa = PBXFileReference; lastKnownFileType = text.plist.xml; path = Info.plist; sourceTree = "<group>"; };
		E84E92D31FB20A1100E80816 /* DailyClosureResponse.swift */ = {isa = PBXFileReference; fileEncoding = 4; lastKnownFileType = sourcecode.swift; path = DailyClosureResponse.swift; sourceTree = "<group>"; };
		E84E92D61FB20A1100E80816 /* DHEncryptedRequest.swift */ = {isa = PBXFileReference; fileEncoding = 4; lastKnownFileType = sourcecode.swift; path = DHEncryptedRequest.swift; sourceTree = "<group>"; };
		E84E92D71FB20A1100E80816 /* ShopLocationUpdateRequest.swift */ = {isa = PBXFileReference; fileEncoding = 4; lastKnownFileType = sourcecode.swift; path = ShopLocationUpdateRequest.swift; sourceTree = "<group>"; };
		E84E92D81FB20A1100E80816 /* PaymentsListRequest.swift */ = {isa = PBXFileReference; fileEncoding = 4; lastKnownFileType = sourcecode.swift; path = PaymentsListRequest.swift; sourceTree = "<group>"; };
		E84E92D91FB20A1100E80816 /* DHChallengeRequest.swift */ = {isa = PBXFileReference; fileEncoding = 4; lastKnownFileType = sourcecode.swift; path = DHChallengeRequest.swift; sourceTree = "<group>"; };
		E84E92DA1FB20A1100E80816 /* ServerErrorResponse.swift */ = {isa = PBXFileReference; fileEncoding = 4; lastKnownFileType = sourcecode.swift; path = ServerErrorResponse.swift; sourceTree = "<group>"; };
		E84E92DB1FB20A1100E80816 /* PaymentUpdateRequest.swift */ = {isa = PBXFileReference; fileEncoding = 4; lastKnownFileType = sourcecode.swift; path = PaymentUpdateRequest.swift; sourceTree = "<group>"; };
		E84E92DC1FB20A1100E80816 /* DHExchangeRequest.swift */ = {isa = PBXFileReference; fileEncoding = 4; lastKnownFileType = sourcecode.swift; path = DHExchangeRequest.swift; sourceTree = "<group>"; };
		E84E92DD1FB20A1100E80816 /* DHChallengeResponse.swift */ = {isa = PBXFileReference; fileEncoding = 4; lastKnownFileType = sourcecode.swift; path = DHChallengeResponse.swift; sourceTree = "<group>"; };
		E84E92DE1FB20A1100E80816 /* DHExchangeResponse.swift */ = {isa = PBXFileReference; fileEncoding = 4; lastKnownFileType = sourcecode.swift; path = DHExchangeResponse.swift; sourceTree = "<group>"; };
		E84E92DF1FB20A1100E80816 /* DHVerificationRequest.swift */ = {isa = PBXFileReference; fileEncoding = 4; lastKnownFileType = sourcecode.swift; path = DHVerificationRequest.swift; sourceTree = "<group>"; };
		E84E92E01FB20A1100E80816 /* DHEncryptedResponse.swift */ = {isa = PBXFileReference; fileEncoding = 4; lastKnownFileType = sourcecode.swift; path = DHEncryptedResponse.swift; sourceTree = "<group>"; };
		E84E92E11FB20A1100E80816 /* StartedResponse.swift */ = {isa = PBXFileReference; fileEncoding = 4; lastKnownFileType = sourcecode.swift; path = StartedResponse.swift; sourceTree = "<group>"; };
		E84E92E21FB20A1100E80816 /* DHVerificationResponse.swift */ = {isa = PBXFileReference; fileEncoding = 4; lastKnownFileType = sourcecode.swift; path = DHVerificationResponse.swift; sourceTree = "<group>"; };
		E84E92E41FB20A1100E80816 /* StartedRequest.swift */ = {isa = PBXFileReference; fileEncoding = 4; lastKnownFileType = sourcecode.swift; path = StartedRequest.swift; sourceTree = "<group>"; };
		E84E92E51FB20A1100E80816 /* DeviceUpdateRequest.swift */ = {isa = PBXFileReference; fileEncoding = 4; lastKnownFileType = sourcecode.swift; path = DeviceUpdateRequest.swift; sourceTree = "<group>"; };
		E84E92E71FB20A1100E80816 /* ProtocolError.swift */ = {isa = PBXFileReference; fileEncoding = 4; lastKnownFileType = sourcecode.swift; path = ProtocolError.swift; sourceTree = "<group>"; };
		E84E92EA1FB20A1100E80816 /* DailyClosureController.swift */ = {isa = PBXFileReference; fileEncoding = 4; lastKnownFileType = sourcecode.swift; path = DailyClosureController.swift; sourceTree = "<group>"; };
		E84E92EB1FB20A1100E80816 /* PaymentsController+Update.swift */ = {isa = PBXFileReference; fileEncoding = 4; lastKnownFileType = sourcecode.swift; path = "PaymentsController+Update.swift"; sourceTree = "<group>"; };
		E84E92EC1FB20A1100E80816 /* NetworkController.swift */ = {isa = PBXFileReference; fileEncoding = 4; lastKnownFileType = sourcecode.swift; path = NetworkController.swift; sourceTree = "<group>"; };
		E84E92ED1FB20A1100E80816 /* DHController+Exchange.swift */ = {isa = PBXFileReference; fileEncoding = 4; lastKnownFileType = sourcecode.swift; path = "DHController+Exchange.swift"; sourceTree = "<group>"; };
		E84E92EE1FB20A1100E80816 /* DHController+Verification.swift */ = {isa = PBXFileReference; fileEncoding = 4; lastKnownFileType = sourcecode.swift; path = "DHController+Verification.swift"; sourceTree = "<group>"; };
		E84E92EF1FB20A1100E80816 /* DHController+PublicKey.swift */ = {isa = PBXFileReference; fileEncoding = 4; lastKnownFileType = sourcecode.swift; path = "DHController+PublicKey.swift"; sourceTree = "<group>"; };
		E84E92F11FB20A1100E80816 /* ProfileController.swift */ = {isa = PBXFileReference; fileEncoding = 4; lastKnownFileType = sourcecode.swift; path = ProfileController.swift; sourceTree = "<group>"; };
		E84E92F21FB20A1100E80816 /* AnalyticsController.swift */ = {isa = PBXFileReference; fileEncoding = 4; lastKnownFileType = sourcecode.swift; path = AnalyticsController.swift; sourceTree = "<group>"; };
		E84E92F31FB20A1100E80816 /* DevicesController.swift */ = {isa = PBXFileReference; fileEncoding = 4; lastKnownFileType = sourcecode.swift; path = DevicesController.swift; sourceTree = "<group>"; };
		E84E92F41FB20A1100E80816 /* ShopsController.swift */ = {isa = PBXFileReference; fileEncoding = 4; lastKnownFileType = sourcecode.swift; path = ShopsController.swift; sourceTree = "<group>"; };
		E84E92F51FB20A1100E80816 /* DHController+Challenge.swift */ = {isa = PBXFileReference; fileEncoding = 4; lastKnownFileType = sourcecode.swift; path = "DHController+Challenge.swift"; sourceTree = "<group>"; };
		E84E92F61FB20A1100E80816 /* DHController+Parameters.swift */ = {isa = PBXFileReference; fileEncoding = 4; lastKnownFileType = sourcecode.swift; path = "DHController+Parameters.swift"; sourceTree = "<group>"; };
		E84E92F71FB20A1100E80816 /* DHController.swift */ = {isa = PBXFileReference; fileEncoding = 4; lastKnownFileType = sourcecode.swift; path = DHController.swift; sourceTree = "<group>"; };
		E84E92F81FB20A1100E80816 /* PaymentsController+Payments.swift */ = {isa = PBXFileReference; fileEncoding = 4; lastKnownFileType = sourcecode.swift; path = "PaymentsController+Payments.swift"; sourceTree = "<group>"; };
		E84E92FC1FB20A1100E80816 /* DevicesService.swift */ = {isa = PBXFileReference; fileEncoding = 4; lastKnownFileType = sourcecode.swift; path = DevicesService.swift; sourceTree = "<group>"; };
		E84E92FD1FB20A1100E80816 /* ProfileService.swift */ = {isa = PBXFileReference; fileEncoding = 4; lastKnownFileType = sourcecode.swift; path = ProfileService.swift; sourceTree = "<group>"; };
		E84E92FE1FB20A1100E80816 /* DailyClosureService.swift */ = {isa = PBXFileReference; fileEncoding = 4; lastKnownFileType = sourcecode.swift; path = DailyClosureService.swift; sourceTree = "<group>"; };
		E84E92FF1FB20A1100E80816 /* AnalyticsService.swift */ = {isa = PBXFileReference; fileEncoding = 4; lastKnownFileType = sourcecode.swift; path = AnalyticsService.swift; sourceTree = "<group>"; };
		E84E93001FB20A1100E80816 /* ShopsService.swift */ = {isa = PBXFileReference; fileEncoding = 4; lastKnownFileType = sourcecode.swift; path = ShopsService.swift; sourceTree = "<group>"; };
		E84E93011FB20A1100E80816 /* DHService.swift */ = {isa = PBXFileReference; fileEncoding = 4; lastKnownFileType = sourcecode.swift; path = DHService.swift; sourceTree = "<group>"; };
		E84E93021FB20A1100E80816 /* NetworkService.swift */ = {isa = PBXFileReference; fileEncoding = 4; lastKnownFileType = sourcecode.swift; path = NetworkService.swift; sourceTree = "<group>"; };
		E84E935D1FB225B700E80816 /* Payment.swift */ = {isa = PBXFileReference; fileEncoding = 4; lastKnownFileType = sourcecode.swift; path = Payment.swift; sourceTree = "<group>"; };
		E84E93601FB2275700E80816 /* JSONEncoder+Defaults.swift */ = {isa = PBXFileReference; fileEncoding = 4; lastKnownFileType = sourcecode.swift; path = "JSONEncoder+Defaults.swift"; sourceTree = "<group>"; };
		E84E93611FB2275700E80816 /* JSONDecoder+Defaults.swift */ = {isa = PBXFileReference; fileEncoding = 4; lastKnownFileType = sourcecode.swift; path = "JSONDecoder+Defaults.swift"; sourceTree = "<group>"; };
		E84E93681FB228E600E80816 /* Profile.swift */ = {isa = PBXFileReference; fileEncoding = 4; lastKnownFileType = sourcecode.swift; path = Profile.swift; sourceTree = "<group>"; };
		E87FF3F51FB5F0CB00DAB089 /* NetworkService+Error.swift */ = {isa = PBXFileReference; lastKnownFileType = sourcecode.swift; path = "NetworkService+Error.swift"; sourceTree = "<group>"; };
		E88991931FB2F5930079FBDE /* SatispayInStoreConfig.swift */ = {isa = PBXFileReference; lastKnownFileType = sourcecode.swift; path = SatispayInStoreConfig.swift; sourceTree = "<group>"; };
		E88991991FB300CA0079FBDE /* HTTPMethod.swift */ = {isa = PBXFileReference; lastKnownFileType = sourcecode.swift; path = HTTPMethod.swift; sourceTree = "<group>"; };
		E8AFC61222083B0A003A1839 /* Picture.swift */ = {isa = PBXFileReference; lastKnownFileType = sourcecode.swift; path = Picture.swift; sourceTree = "<group>"; };
		E8AFC61522087921003A1839 /* PaymentCreationRequest.swift */ = {isa = PBXFileReference; lastKnownFileType = sourcecode.swift; path = PaymentCreationRequest.swift; sourceTree = "<group>"; };
		E8AFC61D22087D21003A1839 /* PaymentsController+Creation.swift */ = {isa = PBXFileReference; lastKnownFileType = sourcecode.swift; path = "PaymentsController+Creation.swift"; sourceTree = "<group>"; };
		E8B286BE1FD05A18004013F4 /* HTTPResponse.swift */ = {isa = PBXFileReference; lastKnownFileType = sourcecode.swift; path = HTTPResponse.swift; sourceTree = "<group>"; };
		E8C55F121FB342C200B20F93 /* ProtocolRequestSignerError.swift */ = {isa = PBXFileReference; fileEncoding = 4; lastKnownFileType = sourcecode.swift; path = ProtocolRequestSignerError.swift; sourceTree = "<group>"; };
		E8C55F131FB342C200B20F93 /* ProtocolResponseVerifierError.swift */ = {isa = PBXFileReference; fileEncoding = 4; lastKnownFileType = sourcecode.swift; path = ProtocolResponseVerifierError.swift; sourceTree = "<group>"; };
		E8C55F151FB342C200B20F93 /* ProtocolRequestSigner.swift */ = {isa = PBXFileReference; fileEncoding = 4; lastKnownFileType = sourcecode.swift; path = ProtocolRequestSigner.swift; sourceTree = "<group>"; };
		E8C55F161FB342C200B20F93 /* ProtocolResponseVerifier.swift */ = {isa = PBXFileReference; fileEncoding = 4; lastKnownFileType = sourcecode.swift; path = ProtocolResponseVerifier.swift; sourceTree = "<group>"; };
		E8C55F1D1FB342E700B20F93 /* RSA.swift */ = {isa = PBXFileReference; fileEncoding = 4; lastKnownFileType = sourcecode.swift; path = RSA.swift; sourceTree = "<group>"; };
		E8C55F1E1FB342E700B20F93 /* AES.swift */ = {isa = PBXFileReference; fileEncoding = 4; lastKnownFileType = sourcecode.swift; path = AES.swift; sourceTree = "<group>"; };
		E8C55F211FB342E700B20F93 /* DHParams.swift */ = {isa = PBXFileReference; fileEncoding = 4; lastKnownFileType = sourcecode.swift; path = DHParams.swift; sourceTree = "<group>"; };
		E8C55F221FB342E700B20F93 /* OTP.swift */ = {isa = PBXFileReference; fileEncoding = 4; lastKnownFileType = sourcecode.swift; path = OTP.swift; sourceTree = "<group>"; };
		E8C55F241FB342E700B20F93 /* Hash.swift */ = {isa = PBXFileReference; fileEncoding = 4; lastKnownFileType = sourcecode.swift; path = Hash.swift; sourceTree = "<group>"; };
		E8C55F251FB342E700B20F93 /* HMAC.swift */ = {isa = PBXFileReference; fileEncoding = 4; lastKnownFileType = sourcecode.swift; path = HMAC.swift; sourceTree = "<group>"; };
		E8C55F261FB342E700B20F93 /* CryptoError.swift */ = {isa = PBXFileReference; fileEncoding = 4; lastKnownFileType = sourcecode.swift; path = CryptoError.swift; sourceTree = "<group>"; };
		E8C55F271FB342E700B20F93 /* KeyDerivation.swift */ = {isa = PBXFileReference; fileEncoding = 4; lastKnownFileType = sourcecode.swift; path = KeyDerivation.swift; sourceTree = "<group>"; };
		E8C55F291FB342E700B20F93 /* KeychainError.swift */ = {isa = PBXFileReference; fileEncoding = 4; lastKnownFileType = sourcecode.swift; path = KeychainError.swift; sourceTree = "<group>"; };
		E8C55F2A1FB342E700B20F93 /* Keychain+Keys.swift */ = {isa = PBXFileReference; fileEncoding = 4; lastKnownFileType = sourcecode.swift; path = "Keychain+Keys.swift"; sourceTree = "<group>"; };
		E8C55F2B1FB342E700B20F93 /* KeychainEntry.swift */ = {isa = PBXFileReference; fileEncoding = 4; lastKnownFileType = sourcecode.swift; path = KeychainEntry.swift; sourceTree = "<group>"; };
		E8C55F2C1FB342E700B20F93 /* Keychain.swift */ = {isa = PBXFileReference; fileEncoding = 4; lastKnownFileType = sourcecode.swift; path = Keychain.swift; sourceTree = "<group>"; };
		E8C55F2D1FB342E700B20F93 /* Keychain+Overloads.swift */ = {isa = PBXFileReference; fileEncoding = 4; lastKnownFileType = sourcecode.swift; path = "Keychain+Overloads.swift"; sourceTree = "<group>"; };
		E8C55F3C1FB3436400B20F93 /* EnvironmentConfig.swift */ = {isa = PBXFileReference; lastKnownFileType = sourcecode.swift; path = EnvironmentConfig.swift; sourceTree = "<group>"; };
		E8C55F3E1FB343A600B20F93 /* Environments.swift */ = {isa = PBXFileReference; lastKnownFileType = sourcecode.swift; path = Environments.swift; sourceTree = "<group>"; };
		E8C55F401FB363BC00B20F93 /* HTTPRequest.swift */ = {isa = PBXFileReference; lastKnownFileType = sourcecode.swift; path = HTTPRequest.swift; sourceTree = "<group>"; };
		E8C55F421FB364F300B20F93 /* NetworkService+Request.swift */ = {isa = PBXFileReference; lastKnownFileType = sourcecode.swift; path = "NetworkService+Request.swift"; sourceTree = "<group>"; };
		E8C55F5F1FB3733C00B20F93 /* UpdateDeviceResponse.swift */ = {isa = PBXFileReference; lastKnownFileType = sourcecode.swift; path = UpdateDeviceResponse.swift; sourceTree = "<group>"; };
		E8C55F651FB3788600B20F93 /* DHError.swift */ = {isa = PBXFileReference; lastKnownFileType = sourcecode.swift; path = DHError.swift; sourceTree = "<group>"; };
		E8C55F671FB3799200B20F93 /* UpdateLocationResponse.swift */ = {isa = PBXFileReference; lastKnownFileType = sourcecode.swift; path = UpdateLocationResponse.swift; sourceTree = "<group>"; };
		E8C75FCA1FC6BC90001B5E7A /* Example.app */ = {isa = PBXFileReference; explicitFileType = wrapper.application; includeInIndex = 0; path = Example.app; sourceTree = BUILT_PRODUCTS_DIR; };
		E8C75FCC1FC6BC90001B5E7A /* AppDelegate.swift */ = {isa = PBXFileReference; lastKnownFileType = sourcecode.swift; path = AppDelegate.swift; sourceTree = "<group>"; };
		E8C75FD11FC6BC90001B5E7A /* Base */ = {isa = PBXFileReference; lastKnownFileType = file.storyboard; name = Base; path = Base.lproj/Main.storyboard; sourceTree = "<group>"; };
		E8C75FD31FC6BC90001B5E7A /* Assets.xcassets */ = {isa = PBXFileReference; lastKnownFileType = folder.assetcatalog; path = Assets.xcassets; sourceTree = "<group>"; };
		E8C75FD61FC6BC90001B5E7A /* Base */ = {isa = PBXFileReference; lastKnownFileType = file.storyboard; name = Base; path = Base.lproj/LaunchScreen.storyboard; sourceTree = "<group>"; };
		E8C75FD81FC6BC91001B5E7A /* Info.plist */ = {isa = PBXFileReference; lastKnownFileType = text.plist.xml; path = Info.plist; sourceTree = "<group>"; };
		E8C75FE11FC6BCFA001B5E7A /* RootViewController.swift */ = {isa = PBXFileReference; fileEncoding = 4; lastKnownFileType = sourcecode.swift; path = RootViewController.swift; sourceTree = "<group>"; };
		E8C75FE21FC6BCFA001B5E7A /* MainViewController.swift */ = {isa = PBXFileReference; fileEncoding = 4; lastKnownFileType = sourcecode.swift; path = MainViewController.swift; sourceTree = "<group>"; };
		E8DE9C3C1FBDC87B00B094D2 /* NetworkService+Notification.swift */ = {isa = PBXFileReference; lastKnownFileType = sourcecode.swift; path = "NetworkService+Notification.swift"; sourceTree = "<group>"; };
		E8E3447A2010BF330049385F /* SatispayInStore_macOS.framework */ = {isa = PBXFileReference; explicitFileType = wrapper.framework; includeInIndex = 0; path = SatispayInStore_macOS.framework; sourceTree = BUILT_PRODUCTS_DIR; };
		E8E3447C2010BF330049385F /* SatispayInStore_macOS.h */ = {isa = PBXFileReference; lastKnownFileType = sourcecode.c.h; path = SatispayInStore_macOS.h; sourceTree = "<group>"; };
		E8E3447D2010BF330049385F /* Info.plist */ = {isa = PBXFileReference; lastKnownFileType = text.plist.xml; path = Info.plist; sourceTree = "<group>"; };
		E8E3AA7E2024AF5900732698 /* libssl.a */ = {isa = PBXFileReference; lastKnownFileType = archive.ar; name = libssl.a; path = "OpenSSL/lib-macos/libssl.a"; sourceTree = "<group>"; };
		E8E3AA7F2024AF5900732698 /* libcrypto.a */ = {isa = PBXFileReference; lastKnownFileType = archive.ar; name = libcrypto.a; path = "OpenSSL/lib-macos/libcrypto.a"; sourceTree = "<group>"; };
/* End PBXFileReference section */

/* Begin PBXFrameworksBuildPhase section */
		E84E92B31FB203A700E80816 /* Frameworks */ = {
			isa = PBXFrameworksBuildPhase;
			buildActionMask = 2147483647;
			files = (
				E80059A71FB46CAF005E8DD6 /* libssl.a in Frameworks */,
				E80059A81FB46CAF005E8DD6 /* libcrypto.a in Frameworks */,
			);
			runOnlyForDeploymentPostprocessing = 0;
		};
		E8C75FC71FC6BC90001B5E7A /* Frameworks */ = {
			isa = PBXFrameworksBuildPhase;
			buildActionMask = 2147483647;
			files = (
				E8F02F471FC732940090F7DE /* SatispayInStore.framework in Frameworks */,
			);
			runOnlyForDeploymentPostprocessing = 0;
		};
		E8E344762010BF330049385F /* Frameworks */ = {
			isa = PBXFrameworksBuildPhase;
			buildActionMask = 2147483647;
			files = (
				E8E3AA802024AF5900732698 /* libssl.a in Frameworks */,
				E8E3AA812024AF5900732698 /* libcrypto.a in Frameworks */,
			);
			runOnlyForDeploymentPostprocessing = 0;
		};
/* End PBXFrameworksBuildPhase section */

/* Begin PBXGroup section */
		E80059841FB45A8E005E8DD6 /* BigInteger */ = {
			isa = PBXGroup;
			children = (
				E80059851FB45A8E005E8DD6 /* BigInteger.swift */,
			);
			path = BigInteger;
			sourceTree = "<group>";
		};
		E80059871FB45DB4005E8DD6 /* Protocols */ = {
			isa = PBXGroup;
			children = (
				E80059881FB45DBB005E8DD6 /* CancellableOperation.swift */,
			);
			path = Protocols;
			sourceTree = "<group>";
		};
		E80059A41FB46CAF005E8DD6 /* Frameworks */ = {
			isa = PBXGroup;
			children = (
				E8E3AA7F2024AF5900732698 /* libcrypto.a */,
				E8E3AA7E2024AF5900732698 /* libssl.a */,
				E80059A61FB46CAF005E8DD6 /* libcrypto.a */,
				E80059A51FB46CAF005E8DD6 /* libssl.a */,
			);
			name = Frameworks;
			sourceTree = "<group>";
		};
		E83A86901FC80EA400C705B0 /* Protocols */ = {
			isa = PBXGroup;
			children = (
				E83A86911FC80EAC00C705B0 /* ProfileRequiring.swift */,
			);
			path = Protocols;
			sourceTree = "<group>";
		};
		E83A869B1FC82C8F00C705B0 /* Extensions */ = {
			isa = PBXGroup;
			children = (
				E83A869C1FC82C9A00C705B0 /* UIDevice+Model.swift */,
			);
			path = Extensions;
			sourceTree = "<group>";
		};
		E84E92AD1FB203A700E80816 = {
			isa = PBXGroup;
			children = (
				E84E92B91FB203A700E80816 /* SatispayInStore */,
				E8E3447B2010BF330049385F /* SatispayInStore-macOS */,
				E8C75FCB1FC6BC90001B5E7A /* Example */,
				E84E92B81FB203A700E80816 /* Products */,
				E80059A41FB46CAF005E8DD6 /* Frameworks */,
			);
			sourceTree = "<group>";
		};
		E84E92B81FB203A700E80816 /* Products */ = {
			isa = PBXGroup;
			children = (
				E84E92B71FB203A700E80816 /* SatispayInStore.framework */,
				E8C75FCA1FC6BC90001B5E7A /* Example.app */,
				E8E3447A2010BF330049385F /* SatispayInStore_macOS.framework */,
			);
			name = Products;
			sourceTree = "<group>";
		};
		E84E92B91FB203A700E80816 /* SatispayInStore */ = {
			isa = PBXGroup;
			children = (
				E88991931FB2F5930079FBDE /* SatispayInStoreConfig.swift */,
				E8C55F3C1FB3436400B20F93 /* EnvironmentConfig.swift */,
				E815C7E71FC31905002B7246 /* EnvironmentKeychainConfig.swift */,
				E8C55F3E1FB343A600B20F93 /* Environments.swift */,
				E80059871FB45DB4005E8DD6 /* Protocols */,
				E80059841FB45A8E005E8DD6 /* BigInteger */,
				E8C55F1C1FB342E700B20F93 /* Crypto */,
				E8C55F281FB342E700B20F93 /* Keychain */,
				E84E935F1FB2275700E80816 /* Extensions */,
				E84E935C1FB225B700E80816 /* Models */,
				E84E92CF1FB20A1100E80816 /* Networking */,
				E84E92BA1FB203A700E80816 /* SatispayInStore.h */,
				E84E92BB1FB203A700E80816 /* Info.plist */,
			);
			path = SatispayInStore;
			sourceTree = "<group>";
		};
		E84E92CF1FB20A1100E80816 /* Networking */ = {
			isa = PBXGroup;
			children = (
				E88991991FB300CA0079FBDE /* HTTPMethod.swift */,
				E8C55F401FB363BC00B20F93 /* HTTPRequest.swift */,
				E8B286BE1FD05A18004013F4 /* HTTPResponse.swift */,
				E84E93021FB20A1100E80816 /* NetworkService.swift */,
				E87FF3F51FB5F0CB00DAB089 /* NetworkService+Error.swift */,
				E8C55F421FB364F300B20F93 /* NetworkService+Request.swift */,
				E84E92D11FB20A1100E80816 /* Protocol */,
			);
			path = Networking;
			sourceTree = "<group>";
		};
		E84E92D11FB20A1100E80816 /* Protocol */ = {
			isa = PBXGroup;
			children = (
				E84E92E71FB20A1100E80816 /* ProtocolError.swift */,
				E8C55F151FB342C200B20F93 /* ProtocolRequestSigner.swift */,
				E8C55F121FB342C200B20F93 /* ProtocolRequestSignerError.swift */,
				E8C55F161FB342C200B20F93 /* ProtocolResponseVerifier.swift */,
				E8C55F131FB342C200B20F93 /* ProtocolResponseVerifierError.swift */,
				E84E92E81FB20A1100E80816 /* Controllers */,
				E84E92D21FB20A1100E80816 /* Models */,
				E84E92F91FB20A1100E80816 /* Services */,
			);
			path = Protocol;
			sourceTree = "<group>";
		};
		E84E92D21FB20A1100E80816 /* Models */ = {
			isa = PBXGroup;
			children = (
				E84E92D31FB20A1100E80816 /* DailyClosureResponse.swift */,
				E84E92E51FB20A1100E80816 /* DeviceUpdateRequest.swift */,
				E84E92D91FB20A1100E80816 /* DHChallengeRequest.swift */,
				E84E92DD1FB20A1100E80816 /* DHChallengeResponse.swift */,
				E84E92D61FB20A1100E80816 /* DHEncryptedRequest.swift */,
				E84E92E01FB20A1100E80816 /* DHEncryptedResponse.swift */,
				E84E92DC1FB20A1100E80816 /* DHExchangeRequest.swift */,
				E84E92DE1FB20A1100E80816 /* DHExchangeResponse.swift */,
				E84E92DF1FB20A1100E80816 /* DHVerificationRequest.swift */,
				E84E92E21FB20A1100E80816 /* DHVerificationResponse.swift */,
				E8062F2821EF3415004BD1CA /* PaginatedDataResponse.swift */,
				E8AFC61522087921003A1839 /* PaymentCreationRequest.swift */,
				E84E92D81FB20A1100E80816 /* PaymentsListRequest.swift */,
				E8026B6F21EE298800E99599 /* PaymentUpdateAction.swift */,
				E84E92DB1FB20A1100E80816 /* PaymentUpdateRequest.swift */,
				E84E92DA1FB20A1100E80816 /* ServerErrorResponse.swift */,
				E84E92D71FB20A1100E80816 /* ShopLocationUpdateRequest.swift */,
				E84E92E41FB20A1100E80816 /* StartedRequest.swift */,
				E84E92E11FB20A1100E80816 /* StartedResponse.swift */,
				E8C55F5F1FB3733C00B20F93 /* UpdateDeviceResponse.swift */,
				E8C55F671FB3799200B20F93 /* UpdateLocationResponse.swift */,
				97A715AB239FA08100799F2F /* ProfileAcceptanceRequrest.swift */,
				9749153F242DF956007FD83A /* ConsumerResponse.swift */,
				97E5B00A2430F89E00FC26A1 /* ProfileMeRequest.swift */,
			);
			path = Models;
			sourceTree = "<group>";
		};
		E84E92E81FB20A1100E80816 /* Controllers */ = {
			isa = PBXGroup;
			children = (
				E84E92F21FB20A1100E80816 /* AnalyticsController.swift */,
				E84E92EA1FB20A1100E80816 /* DailyClosureController.swift */,
				E84E92F31FB20A1100E80816 /* DevicesController.swift */,
				E84E92F71FB20A1100E80816 /* DHController.swift */,
				E84E92F51FB20A1100E80816 /* DHController+Challenge.swift */,
				E80059781FB44D8C005E8DD6 /* DHController+Context.swift */,
				E84E92ED1FB20A1100E80816 /* DHController+Exchange.swift */,
				E84E92F61FB20A1100E80816 /* DHController+Parameters.swift */,
				E84E92EF1FB20A1100E80816 /* DHController+PublicKey.swift */,
				E84E92EE1FB20A1100E80816 /* DHController+Verification.swift */,
				E84E92EC1FB20A1100E80816 /* NetworkController.swift */,
				E8026B6B21EE27EC00E99599 /* PaymentsController.swift */,
				E8AFC61D22087D21003A1839 /* PaymentsController+Creation.swift */,
				E84E92F81FB20A1100E80816 /* PaymentsController+Payments.swift */,
				E84E92EB1FB20A1100E80816 /* PaymentsController+Update.swift */,
				E84E92F11FB20A1100E80816 /* ProfileController.swift */,
				E84E92F41FB20A1100E80816 /* ShopsController.swift */,
				9749153B242DEF2E007FD83A /* ConsumersController.swift */,
			);
			path = Controllers;
			sourceTree = "<group>";
		};
		E84E92F91FB20A1100E80816 /* Services */ = {
			isa = PBXGroup;
			children = (
				E84E92FF1FB20A1100E80816 /* AnalyticsService.swift */,
				E84E92FE1FB20A1100E80816 /* DailyClosureService.swift */,
				E84E92FC1FB20A1100E80816 /* DevicesService.swift */,
				E84E93011FB20A1100E80816 /* DHService.swift */,
				E84E92FD1FB20A1100E80816 /* ProfileService.swift */,
				E84E93001FB20A1100E80816 /* ShopsService.swift */,
				E8026B6421EE21A800E99599 /* PaymentsService.swift */,
				97491539242D5EFB007FD83A /* ConsumersService.swift */,
			);
			path = Services;
			sourceTree = "<group>";
		};
		E84E935C1FB225B700E80816 /* Models */ = {
			isa = PBXGroup;
			children = (
				E84E93681FB228E600E80816 /* Profile.swift */,
				E84E935D1FB225B700E80816 /* Payment.swift */,
				E8AFC61222083B0A003A1839 /* Picture.swift */,
				97A715AD239FA60200799F2F /* Acceptance.swift */,
			);
			path = Models;
			sourceTree = "<group>";
		};
		E84E935F1FB2275700E80816 /* Extensions */ = {
			isa = PBXGroup;
			children = (
				E800598A1FB45DD9005E8DD6 /* DispatchWorkItem+CancellableOperation.swift */,
				E8116CEB230ACA9400DE95A6 /* HTTPURLResponse+Headers.swift */,
				E84E93611FB2275700E80816 /* JSONDecoder+Defaults.swift */,
				E84E93601FB2275700E80816 /* JSONEncoder+Defaults.swift */,
				E8DE9C3C1FBDC87B00B094D2 /* NetworkService+Notification.swift */,
			);
			path = Extensions;
			sourceTree = "<group>";
		};
		E8C55F1C1FB342E700B20F93 /* Crypto */ = {
			isa = PBXGroup;
			children = (
				E8C55F1E1FB342E700B20F93 /* AES.swift */,
				E8C55F261FB342E700B20F93 /* CryptoError.swift */,
				E8C55F271FB342E700B20F93 /* KeyDerivation.swift */,
				E8C55F221FB342E700B20F93 /* OTP.swift */,
				E8C55F1D1FB342E700B20F93 /* RSA.swift */,
				E8C55F1F1FB342E700B20F93 /* DH */,
				E8C55F231FB342E700B20F93 /* Hashing */,
			);
			path = Crypto;
			sourceTree = "<group>";
		};
		E8C55F1F1FB342E700B20F93 /* DH */ = {
			isa = PBXGroup;
			children = (
				E8C55F211FB342E700B20F93 /* DHParams.swift */,
				E8C55F651FB3788600B20F93 /* DHError.swift */,
			);
			path = DH;
			sourceTree = "<group>";
		};
		E8C55F231FB342E700B20F93 /* Hashing */ = {
			isa = PBXGroup;
			children = (
				E8C55F241FB342E700B20F93 /* Hash.swift */,
				E8C55F251FB342E700B20F93 /* HMAC.swift */,
			);
			path = Hashing;
			sourceTree = "<group>";
		};
		E8C55F281FB342E700B20F93 /* Keychain */ = {
			isa = PBXGroup;
			children = (
				E8C55F2C1FB342E700B20F93 /* Keychain.swift */,
				E8C55F2A1FB342E700B20F93 /* Keychain+Keys.swift */,
				E8C55F2D1FB342E700B20F93 /* Keychain+Overloads.swift */,
				E8C55F2B1FB342E700B20F93 /* KeychainEntry.swift */,
				E8C55F291FB342E700B20F93 /* KeychainError.swift */,
			);
			path = Keychain;
			sourceTree = "<group>";
		};
		E8C75FCB1FC6BC90001B5E7A /* Example */ = {
			isa = PBXGroup;
			children = (
				E83A869B1FC82C8F00C705B0 /* Extensions */,
				E83A86901FC80EA400C705B0 /* Protocols */,
				E8C75FE01FC6BCFA001B5E7A /* View Controllers */,
				E8C75FCC1FC6BC90001B5E7A /* AppDelegate.swift */,
				E8C75FD01FC6BC90001B5E7A /* Main.storyboard */,
				E8C75FD31FC6BC90001B5E7A /* Assets.xcassets */,
				E8C75FD51FC6BC90001B5E7A /* LaunchScreen.storyboard */,
				E8C75FD81FC6BC91001B5E7A /* Info.plist */,
			);
			path = Example;
			sourceTree = "<group>";
		};
		E8C75FE01FC6BCFA001B5E7A /* View Controllers */ = {
			isa = PBXGroup;
			children = (
				E8C75FE21FC6BCFA001B5E7A /* MainViewController.swift */,
				E83A868E1FC80E5900C705B0 /* NavigationController.swift */,
				E8C75FE11FC6BCFA001B5E7A /* RootViewController.swift */,
			);
			path = "View Controllers";
			sourceTree = "<group>";
		};
		E8E3447B2010BF330049385F /* SatispayInStore-macOS */ = {
			isa = PBXGroup;
			children = (
				E8E3447C2010BF330049385F /* SatispayInStore_macOS.h */,
				E8E3447D2010BF330049385F /* Info.plist */,
			);
			path = "SatispayInStore-macOS";
			sourceTree = "<group>";
		};
/* End PBXGroup section */

/* Begin PBXHeadersBuildPhase section */
		E84E92B41FB203A700E80816 /* Headers */ = {
			isa = PBXHeadersBuildPhase;
			buildActionMask = 2147483647;
			files = (
				E84E92BC1FB203A700E80816 /* SatispayInStore.h in Headers */,
			);
			runOnlyForDeploymentPostprocessing = 0;
		};
		E8E344772010BF330049385F /* Headers */ = {
			isa = PBXHeadersBuildPhase;
			buildActionMask = 2147483647;
			files = (
				E8E3447E2010BF330049385F /* SatispayInStore_macOS.h in Headers */,
			);
			runOnlyForDeploymentPostprocessing = 0;
		};
/* End PBXHeadersBuildPhase section */

/* Begin PBXLegacyTarget section */
		E80059991FB46A68005E8DD6 /* OpenSSL */ = {
			isa = PBXLegacyTarget;
			buildArgumentsString = "$(SRCROOT)/SatispayInStore/Modules/iOS/OpenSSL $(SRCROOT)/SatispayInStore/Modules/macOS/OpenSSL";
			buildConfigurationList = E800599A1FB46A68005E8DD6 /* Build configuration list for PBXLegacyTarget "OpenSSL" */;
			buildPhases = (
			);
			buildToolPath = "$(SRCROOT)/OpenSSL-Scripts/build.sh";
			buildWorkingDirectory = "$(SRCROOT)/OpenSSL";
			dependencies = (
			);
			name = OpenSSL;
			passBuildSettingsInEnvironment = 1;
			productName = OpenSSL;
		};
/* End PBXLegacyTarget section */

/* Begin PBXNativeTarget section */
		E84E92B61FB203A700E80816 /* SatispayInStore-iOS */ = {
			isa = PBXNativeTarget;
			buildConfigurationList = E84E92BF1FB203A700E80816 /* Build configuration list for PBXNativeTarget "SatispayInStore-iOS" */;
			buildPhases = (
				E84E92B21FB203A700E80816 /* Sources */,
				E84E92B31FB203A700E80816 /* Frameworks */,
				E84E92B41FB203A700E80816 /* Headers */,
				E84E92B51FB203A700E80816 /* Resources */,
			);
			buildRules = (
			);
			dependencies = (
				E80059A21FB46B0D005E8DD6 /* PBXTargetDependency */,
			);
			name = "SatispayInStore-iOS";
			productName = SatispayBusinessProtocolCore;
			productReference = E84E92B71FB203A700E80816 /* SatispayInStore.framework */;
			productType = "com.apple.product-type.framework";
		};
		E8C75FC91FC6BC90001B5E7A /* Example */ = {
			isa = PBXNativeTarget;
			buildConfigurationList = E8C75FDB1FC6BC91001B5E7A /* Build configuration list for PBXNativeTarget "Example" */;
			buildPhases = (
				E8C75FC61FC6BC90001B5E7A /* Sources */,
				E8C75FC71FC6BC90001B5E7A /* Frameworks */,
				E8C75FC81FC6BC90001B5E7A /* Resources */,
			);
			buildRules = (
			);
			dependencies = (
				E8F02F461FC7328B0090F7DE /* PBXTargetDependency */,
			);
			name = Example;
			productName = Example;
			productReference = E8C75FCA1FC6BC90001B5E7A /* Example.app */;
			productType = "com.apple.product-type.application";
		};
		E8E344792010BF330049385F /* SatispayInStore-macOS */ = {
			isa = PBXNativeTarget;
			buildConfigurationList = E8E344812010BF330049385F /* Build configuration list for PBXNativeTarget "SatispayInStore-macOS" */;
			buildPhases = (
				E8E344752010BF330049385F /* Sources */,
				E8E344762010BF330049385F /* Frameworks */,
				E8E344772010BF330049385F /* Headers */,
				E8E344782010BF330049385F /* Resources */,
			);
			buildRules = (
			);
			dependencies = (
				E89E0D7F2252098100A2D641 /* PBXTargetDependency */,
			);
			name = "SatispayInStore-macOS";
			productName = "SatispayInStore-macOS";
			productReference = E8E3447A2010BF330049385F /* SatispayInStore_macOS.framework */;
			productType = "com.apple.product-type.framework";
		};
/* End PBXNativeTarget section */

/* Begin PBXProject section */
		E84E92AE1FB203A700E80816 /* Project object */ = {
			isa = PBXProject;
			attributes = {
				LastSwiftUpdateCheck = 0910;
				LastUpgradeCheck = 0930;
				ORGANIZATIONNAME = "Pierluigi D'Andrea";
				TargetAttributes = {
					E80059991FB46A68005E8DD6 = {
						CreatedOnToolsVersion = 9.1;
						ProvisioningStyle = Automatic;
					};
					E84923D51FC58F500037C6CD = {
						CreatedOnToolsVersion = 9.1;
						ProvisioningStyle = Automatic;
					};
					E84E92B61FB203A700E80816 = {
						CreatedOnToolsVersion = 9.1;
						LastSwiftMigration = 1000;
						ProvisioningStyle = Automatic;
					};
					E8C75FC91FC6BC90001B5E7A = {
						CreatedOnToolsVersion = 9.1;
						LastSwiftMigration = 1010;
						ProvisioningStyle = Manual;
					};
					E8E344792010BF330049385F = {
						CreatedOnToolsVersion = 9.2;
						LastSwiftMigration = 1020;
						ProvisioningStyle = Automatic;
					};
				};
			};
			buildConfigurationList = E84E92B11FB203A700E80816 /* Build configuration list for PBXProject "SatispayInStore" */;
			compatibilityVersion = "Xcode 8.0";
			developmentRegion = en;
			hasScannedForEncodings = 0;
			knownRegions = (
				en,
				Base,
			);
			mainGroup = E84E92AD1FB203A700E80816;
			productRefGroup = E84E92B81FB203A700E80816 /* Products */;
			projectDirPath = "";
			projectRoot = "";
			targets = (
				E84E92B61FB203A700E80816 /* SatispayInStore-iOS */,
				E8E344792010BF330049385F /* SatispayInStore-macOS */,
				E80059991FB46A68005E8DD6 /* OpenSSL */,
				E84923D51FC58F500037C6CD /* Linting */,
				E8C75FC91FC6BC90001B5E7A /* Example */,
			);
		};
/* End PBXProject section */

/* Begin PBXResourcesBuildPhase section */
		E84E92B51FB203A700E80816 /* Resources */ = {
			isa = PBXResourcesBuildPhase;
			buildActionMask = 2147483647;
			files = (
			);
			runOnlyForDeploymentPostprocessing = 0;
		};
		E8C75FC81FC6BC90001B5E7A /* Resources */ = {
			isa = PBXResourcesBuildPhase;
			buildActionMask = 2147483647;
			files = (
				E8C75FD71FC6BC90001B5E7A /* LaunchScreen.storyboard in Resources */,
				E8C75FD41FC6BC90001B5E7A /* Assets.xcassets in Resources */,
				E8C75FD21FC6BC90001B5E7A /* Main.storyboard in Resources */,
			);
			runOnlyForDeploymentPostprocessing = 0;
		};
		E8E344782010BF330049385F /* Resources */ = {
			isa = PBXResourcesBuildPhase;
			buildActionMask = 2147483647;
			files = (
			);
			runOnlyForDeploymentPostprocessing = 0;
		};
/* End PBXResourcesBuildPhase section */

/* Begin PBXShellScriptBuildPhase section */
		E84923D91FC58F550037C6CD /* Lint */ = {
			isa = PBXShellScriptBuildPhase;
			buildActionMask = 2147483647;
			files = (
			);
			inputPaths = (
			);
			name = Lint;
			outputPaths = (
			);
			runOnlyForDeploymentPostprocessing = 0;
			shellPath = /bin/sh;
			shellScript = "if which swiftlint >/dev/null; then\n    cd \"${PROJECT_DIR}\"\n    swiftlint lint --config \".swiftlint.yml\"\nelse\n    echo \"warning: SwiftLint not installed, download from https://github.com/realm/SwiftLint\"\nfi\n";
		};
/* End PBXShellScriptBuildPhase section */

/* Begin PBXSourcesBuildPhase section */
		E84E92B21FB203A700E80816 /* Sources */ = {
			isa = PBXSourcesBuildPhase;
			buildActionMask = 2147483647;
			files = (
				E8026B6C21EE27EC00E99599 /* PaymentsController.swift in Sources */,
				E8C55F351FB342E700B20F93 /* CryptoError.swift in Sources */,
				E80059861FB45A8F005E8DD6 /* BigInteger.swift in Sources */,
				E84E932A1FB20A1100E80816 /* PaymentsController+Payments.swift in Sources */,
				E8C55F661FB3788600B20F93 /* DHError.swift in Sources */,
				E8C55F1A1FB342C200B20F93 /* ProtocolRequestSigner.swift in Sources */,
				E84E93241FB20A1100E80816 /* AnalyticsController.swift in Sources */,
				E84E93181FB20A1100E80816 /* DeviceUpdateRequest.swift in Sources */,
				E8C55F3D1FB3436400B20F93 /* EnvironmentConfig.swift in Sources */,
				E8C55F3A1FB342E700B20F93 /* Keychain.swift in Sources */,
				E84E93271FB20A1100E80816 /* DHController+Challenge.swift in Sources */,
				E84E931F1FB20A1100E80816 /* DHController+Exchange.swift in Sources */,
				E8B286BF1FD05A18004013F4 /* HTTPResponse.swift in Sources */,
				E8C55F381FB342E700B20F93 /* Keychain+Keys.swift in Sources */,
				E84E930B1FB20A1100E80816 /* PaymentsListRequest.swift in Sources */,
				E84E93151FB20A1100E80816 /* DHVerificationResponse.swift in Sources */,
				E84E93201FB20A1100E80816 /* DHController+Verification.swift in Sources */,
				E8026B6521EE21A800E99599 /* PaymentsService.swift in Sources */,
				E84E93231FB20A1100E80816 /* ProfileController.swift in Sources */,
				E84E93311FB20A1200E80816 /* ShopsService.swift in Sources */,
				E8C55F3F1FB343A600B20F93 /* Environments.swift in Sources */,
				E87FF3F61FB5F0CB00DAB089 /* NetworkService+Error.swift in Sources */,
				E8C55F3B1FB342E700B20F93 /* Keychain+Overloads.swift in Sources */,
				E8C55F2E1FB342E700B20F93 /* RSA.swift in Sources */,
				E8C55F431FB364F300B20F93 /* NetworkService+Request.swift in Sources */,
				E84E932D1FB20A1200E80816 /* DevicesService.swift in Sources */,
				97A715AE239FA60200799F2F /* Acceptance.swift in Sources */,
				E84E93331FB20A1200E80816 /* NetworkService.swift in Sources */,
				E84E93321FB20A1200E80816 /* DHService.swift in Sources */,
				E84E93131FB20A1100E80816 /* DHEncryptedResponse.swift in Sources */,
				E8C55F341FB342E700B20F93 /* HMAC.swift in Sources */,
				97E5B00B2430F89E00FC26A1 /* ProfileMeRequest.swift in Sources */,
				E8C55F411FB363BC00B20F93 /* HTTPRequest.swift in Sources */,
				E84E930F1FB20A1100E80816 /* DHExchangeRequest.swift in Sources */,
				97A715AC239FA08100799F2F /* ProfileAcceptanceRequrest.swift in Sources */,
				E8AFC61E22087D21003A1839 /* PaymentsController+Creation.swift in Sources */,
				E84E931D1FB20A1100E80816 /* PaymentsController+Update.swift in Sources */,
				E8C55F321FB342E700B20F93 /* OTP.swift in Sources */,
				9749153A242D5EFB007FD83A /* ConsumersService.swift in Sources */,
				E88991941FB2F5930079FBDE /* SatispayInStoreConfig.swift in Sources */,
				E8C55F2F1FB342E700B20F93 /* AES.swift in Sources */,
				E84E93211FB20A1100E80816 /* DHController+PublicKey.swift in Sources */,
				E80059891FB45DBB005E8DD6 /* CancellableOperation.swift in Sources */,
				E80059791FB44D8C005E8DD6 /* DHController+Context.swift in Sources */,
				E84E93281FB20A1100E80816 /* DHController+Parameters.swift in Sources */,
				E8026B7021EE298800E99599 /* PaymentUpdateAction.swift in Sources */,
				E84E936B1FB228E600E80816 /* Profile.swift in Sources */,
				E8C55F371FB342E700B20F93 /* KeychainError.swift in Sources */,
				E8C55F601FB3733C00B20F93 /* UpdateDeviceResponse.swift in Sources */,
				E800598B1FB45DD9005E8DD6 /* DispatchWorkItem+CancellableOperation.swift in Sources */,
				E84E93301FB20A1200E80816 /* AnalyticsService.swift in Sources */,
				E8C55F681FB3799200B20F93 /* UpdateLocationResponse.swift in Sources */,
				E8062F2921EF3415004BD1CA /* PaginatedDataResponse.swift in Sources */,
				E8AFC61322083B0A003A1839 /* Picture.swift in Sources */,
				E8C55F361FB342E700B20F93 /* KeyDerivation.swift in Sources */,
				E84E930D1FB20A1100E80816 /* ServerErrorResponse.swift in Sources */,
				E84E93061FB20A1100E80816 /* DailyClosureResponse.swift in Sources */,
				E815C7E81FC31905002B7246 /* EnvironmentKeychainConfig.swift in Sources */,
				E84E93141FB20A1100E80816 /* StartedResponse.swift in Sources */,
				E8C55F331FB342E700B20F93 /* Hash.swift in Sources */,
				E84E93291FB20A1100E80816 /* DHController.swift in Sources */,
				E8C55F1B1FB342C200B20F93 /* ProtocolResponseVerifier.swift in Sources */,
				E84E931E1FB20A1100E80816 /* NetworkController.swift in Sources */,
				E84E93631FB2275700E80816 /* JSONDecoder+Defaults.swift in Sources */,
				E84E931C1FB20A1100E80816 /* DailyClosureController.swift in Sources */,
				E84E93171FB20A1100E80816 /* StartedRequest.swift in Sources */,
				E84E930C1FB20A1100E80816 /* DHChallengeRequest.swift in Sources */,
				E8AFC61622087921003A1839 /* PaymentCreationRequest.swift in Sources */,
				E84E935E1FB225B700E80816 /* Payment.swift in Sources */,
				E8116CEC230ACA9400DE95A6 /* HTTPURLResponse+Headers.swift in Sources */,
				E84E93261FB20A1100E80816 /* ShopsController.swift in Sources */,
				E84E93101FB20A1100E80816 /* DHChallengeResponse.swift in Sources */,
				E8C55F171FB342C200B20F93 /* ProtocolRequestSignerError.swift in Sources */,
				E84E930E1FB20A1100E80816 /* PaymentUpdateRequest.swift in Sources */,
				E8DE9C3D1FBDC87B00B094D2 /* NetworkService+Notification.swift in Sources */,
				E8C55F181FB342C200B20F93 /* ProtocolResponseVerifierError.swift in Sources */,
				E84E932F1FB20A1200E80816 /* DailyClosureService.swift in Sources */,
				E84E93121FB20A1100E80816 /* DHVerificationRequest.swift in Sources */,
				9749153C242DEF2E007FD83A /* ConsumersController.swift in Sources */,
				E84E93111FB20A1100E80816 /* DHExchangeResponse.swift in Sources */,
				E8C55F391FB342E700B20F93 /* KeychainEntry.swift in Sources */,
				E84E93091FB20A1100E80816 /* DHEncryptedRequest.swift in Sources */,
				E84E93251FB20A1100E80816 /* DevicesController.swift in Sources */,
				E8C55F311FB342E700B20F93 /* DHParams.swift in Sources */,
				E84E93621FB2275700E80816 /* JSONEncoder+Defaults.swift in Sources */,
				E84E931A1FB20A1100E80816 /* ProtocolError.swift in Sources */,
				E84E930A1FB20A1100E80816 /* ShopLocationUpdateRequest.swift in Sources */,
				E889919A1FB300CA0079FBDE /* HTTPMethod.swift in Sources */,
				97491540242DF956007FD83A /* ConsumerResponse.swift in Sources */,
				E84E932E1FB20A1200E80816 /* ProfileService.swift in Sources */,
			);
			runOnlyForDeploymentPostprocessing = 0;
		};
		E8C75FC61FC6BC90001B5E7A /* Sources */ = {
			isa = PBXSourcesBuildPhase;
			buildActionMask = 2147483647;
			files = (
				E8C75FE51FC6BCFA001B5E7A /* MainViewController.swift in Sources */,
				E83A86921FC80EAC00C705B0 /* ProfileRequiring.swift in Sources */,
				E83A868F1FC80E5900C705B0 /* NavigationController.swift in Sources */,
				E83A869D1FC82C9A00C705B0 /* UIDevice+Model.swift in Sources */,
				E8C75FE41FC6BCFA001B5E7A /* RootViewController.swift in Sources */,
				E8C75FCD1FC6BC90001B5E7A /* AppDelegate.swift in Sources */,
			);
			runOnlyForDeploymentPostprocessing = 0;
		};
		E8E344752010BF330049385F /* Sources */ = {
			isa = PBXSourcesBuildPhase;
			buildActionMask = 2147483647;
			files = (
				E8E344CE2010C48A0049385F /* UpdateLocationResponse.swift in Sources */,
				E8E344C62010C48A0049385F /* ShopLocationUpdateRequest.swift in Sources */,
				E8E344BE2010C48A0049385F /* DHEncryptedRequest.swift in Sources */,
				E8E344A92010C4850049385F /* AnalyticsController.swift in Sources */,
				E8E344B82010C4850049385F /* PaymentsController+Update.swift in Sources */,
				E8E344BA2010C48A0049385F /* DailyClosureResponse.swift in Sources */,
				E8E344972010C4740049385F /* JSONDecoder+Defaults.swift in Sources */,
				E8E344A52010C47E0049385F /* ProtocolRequestSigner.swift in Sources */,
				E8E344BD2010C48A0049385F /* DHChallengeResponse.swift in Sources */,
				E8E344842010C4550049385F /* EnvironmentKeychainConfig.swift in Sources */,
				97E5B00C2430F89E00FC26A1 /* ProfileMeRequest.swift in Sources */,
				E8E3448A2010C4660049385F /* KeyDerivation.swift in Sources */,
				E8E344992010C4740049385F /* NetworkService+Notification.swift in Sources */,
				E8E344CF2010C48E0049385F /* AnalyticsService.swift in Sources */,
				E8E344AA2010C4850049385F /* DailyClosureController.swift in Sources */,
				E8026B6D21EE27EC00E99599 /* PaymentsController.swift in Sources */,
				E8E3448E2010C46A0049385F /* DHError.swift in Sources */,
				E8E344962010C4740049385F /* DispatchWorkItem+CancellableOperation.swift in Sources */,
				9749153D242DEF2E007FD83A /* ConsumersController.swift in Sources */,
				E8026B6E21EE27F100E99599 /* PaymentsService.swift in Sources */,
				E8E3448C2010C4660049385F /* RSA.swift in Sources */,
				E8E344D12010C48E0049385F /* DevicesService.swift in Sources */,
				E8E344C02010C48A0049385F /* DHExchangeRequest.swift in Sources */,
				E8026B7121EE298800E99599 /* PaymentUpdateAction.swift in Sources */,
				E8E344872010C4620049385F /* BigInteger.swift in Sources */,
				97491541242DF956007FD83A /* ConsumerResponse.swift in Sources */,
				E8E344932010C4710049385F /* Keychain+Overloads.swift in Sources */,
				E8116CED230ACA9400DE95A6 /* HTTPURLResponse+Headers.swift in Sources */,
				E8E344D02010C48E0049385F /* DailyClosureService.swift in Sources */,
				E8E344D32010C48E0049385F /* ProfileService.swift in Sources */,
				E8E344A72010C47E0049385F /* ProtocolResponseVerifier.swift in Sources */,
				E8E344BC2010C48A0049385F /* DHChallengeRequest.swift in Sources */,
				E8E344CA2010C48A0049385F /* PaymentsListRequest.swift in Sources */,
				E8E344AD2010C4850049385F /* DHController+Context.swift in Sources */,
				E8E344A12010C47B0049385F /* NetworkService.swift in Sources */,
				E8E344D22010C48E0049385F /* DHService.swift in Sources */,
				E8E344942010C4710049385F /* KeychainEntry.swift in Sources */,
				E8AFC61422083B0A003A1839 /* Picture.swift in Sources */,
				E8E344B52010C4850049385F /* ShopsController.swift in Sources */,
				E8E344AE2010C4850049385F /* DHController+Challenge.swift in Sources */,
				E8E344AF2010C4850049385F /* DHController+Exchange.swift in Sources */,
				E8E344A42010C47E0049385F /* ProtocolError.swift in Sources */,
				E8E344912010C4710049385F /* Keychain.swift in Sources */,
				E8E344C32010C48A0049385F /* DHVerificationResponse.swift in Sources */,
				E8E344D42010C48E0049385F /* ShopsService.swift in Sources */,
				E8E344AC2010C4850049385F /* DHController.swift in Sources */,
				E8E344852010C4550049385F /* Environments.swift in Sources */,
				E8E344B72010C4850049385F /* PaymentsController+Payments.swift in Sources */,
				E8E344AB2010C4850049385F /* DevicesController.swift in Sources */,
				E8E344A82010C47E0049385F /* ProtocolResponseVerifierError.swift in Sources */,
				E8E3448D2010C46A0049385F /* DHParams.swift in Sources */,
				E8E3449D2010C4780049385F /* Payment.swift in Sources */,
				E8E344BF2010C48A0049385F /* DHEncryptedResponse.swift in Sources */,
				E8AFC61722087921003A1839 /* PaymentCreationRequest.swift in Sources */,
				E8E344CD2010C48A0049385F /* UpdateDeviceResponse.swift in Sources */,
				E8E344C22010C48A0049385F /* DHVerificationRequest.swift in Sources */,
				E8E344862010C45C0049385F /* CancellableOperation.swift in Sources */,
				E8E344822010C4550049385F /* SatispayInStoreConfig.swift in Sources */,
				E8E3449E2010C47B0049385F /* HTTPMethod.swift in Sources */,
				E8E344B32010C4850049385F /* NetworkController.swift in Sources */,
				E8E344A62010C47E0049385F /* ProtocolRequestSignerError.swift in Sources */,
				E8E344882010C4660049385F /* AES.swift in Sources */,
				E8E344C72010C48A0049385F /* StartedRequest.swift in Sources */,
				E8E344B22010C4850049385F /* DHController+Verification.swift in Sources */,
				E8E3449A2010C4780049385F /* Profile.swift in Sources */,
				E8E344C52010C48A0049385F /* ServerErrorResponse.swift in Sources */,
				E8E344832010C4550049385F /* EnvironmentConfig.swift in Sources */,
				E8E344A32010C47B0049385F /* NetworkService+Request.swift in Sources */,
				E8E344982010C4740049385F /* JSONEncoder+Defaults.swift in Sources */,
				E8E344B02010C4850049385F /* DHController+Parameters.swift in Sources */,
				E8AFC61F22087D21003A1839 /* PaymentsController+Creation.swift in Sources */,
				9749153E242DEF37007FD83A /* ConsumersService.swift in Sources */,
				E8E344C12010C48A0049385F /* DHExchangeResponse.swift in Sources */,
				E8E344902010C46D0049385F /* HMAC.swift in Sources */,
				E8E344892010C4660049385F /* CryptoError.swift in Sources */,
				E8E344A02010C47B0049385F /* HTTPResponse.swift in Sources */,
				E8E344A22010C47B0049385F /* NetworkService+Error.swift in Sources */,
				E8062F2A21EF3415004BD1CA /* PaginatedDataResponse.swift in Sources */,
				E8E344952010C4710049385F /* KeychainError.swift in Sources */,
				E8E3448B2010C4660049385F /* OTP.swift in Sources */,
				E8E344BB2010C48A0049385F /* DeviceUpdateRequest.swift in Sources */,
				E8E344CB2010C48A0049385F /* PaymentUpdateRequest.swift in Sources */,
				E8E3449F2010C47B0049385F /* HTTPRequest.swift in Sources */,
				E8E3448F2010C46D0049385F /* Hash.swift in Sources */,
				E8E344922010C4710049385F /* Keychain+Keys.swift in Sources */,
				E8E344C82010C48A0049385F /* StartedResponse.swift in Sources */,
				E8E344B42010C4850049385F /* ProfileController.swift in Sources */,
			);
			runOnlyForDeploymentPostprocessing = 0;
		};
/* End PBXSourcesBuildPhase section */

/* Begin PBXTargetDependency section */
		E80059A21FB46B0D005E8DD6 /* PBXTargetDependency */ = {
			isa = PBXTargetDependency;
			target = E80059991FB46A68005E8DD6 /* OpenSSL */;
			targetProxy = E80059A11FB46B0D005E8DD6 /* PBXContainerItemProxy */;
		};
		E89E0D7F2252098100A2D641 /* PBXTargetDependency */ = {
			isa = PBXTargetDependency;
			target = E80059991FB46A68005E8DD6 /* OpenSSL */;
			targetProxy = E89E0D7E2252098100A2D641 /* PBXContainerItemProxy */;
		};
		E8F02F461FC7328B0090F7DE /* PBXTargetDependency */ = {
			isa = PBXTargetDependency;
			target = E84E92B61FB203A700E80816 /* SatispayInStore-iOS */;
			targetProxy = E8F02F451FC7328B0090F7DE /* PBXContainerItemProxy */;
		};
/* End PBXTargetDependency section */

/* Begin PBXVariantGroup section */
		E8C75FD01FC6BC90001B5E7A /* Main.storyboard */ = {
			isa = PBXVariantGroup;
			children = (
				E8C75FD11FC6BC90001B5E7A /* Base */,
			);
			name = Main.storyboard;
			sourceTree = "<group>";
		};
		E8C75FD51FC6BC90001B5E7A /* LaunchScreen.storyboard */ = {
			isa = PBXVariantGroup;
			children = (
				E8C75FD61FC6BC90001B5E7A /* Base */,
			);
			name = LaunchScreen.storyboard;
			sourceTree = "<group>";
		};
/* End PBXVariantGroup section */

/* Begin XCBuildConfiguration section */
		E800599B1FB46A68005E8DD6 /* Debug */ = {
			isa = XCBuildConfiguration;
			buildSettings = {
				CODE_SIGN_STYLE = Automatic;
				DEBUGGING_SYMBOLS = YES;
				DEBUG_INFORMATION_FORMAT = dwarf;
				DEVELOPMENT_TEAM = 3KU6KJU4K4;
				GCC_GENERATE_DEBUGGING_SYMBOLS = YES;
				GCC_OPTIMIZATION_LEVEL = 0;
				OTHER_CFLAGS = "";
				OTHER_LDFLAGS = "";
				PRODUCT_NAME = "$(TARGET_NAME)";
			};
			name = Debug;
		};
		E800599C1FB46A68005E8DD6 /* Release */ = {
			isa = XCBuildConfiguration;
			buildSettings = {
				CODE_SIGN_STYLE = Automatic;
				DEBUG_INFORMATION_FORMAT = "dwarf-with-dsym";
				DEVELOPMENT_TEAM = 3KU6KJU4K4;
				OTHER_CFLAGS = "";
				OTHER_LDFLAGS = "";
				PRODUCT_NAME = "$(TARGET_NAME)";
			};
			name = Release;
		};
		E84923D61FC58F500037C6CD /* Debug */ = {
			isa = XCBuildConfiguration;
			buildSettings = {
				CODE_SIGN_STYLE = Automatic;
				PRODUCT_NAME = "$(TARGET_NAME)";
			};
			name = Debug;
		};
		E84923D71FC58F500037C6CD /* Release */ = {
			isa = XCBuildConfiguration;
			buildSettings = {
				CODE_SIGN_STYLE = Automatic;
				PRODUCT_NAME = "$(TARGET_NAME)";
			};
			name = Release;
		};
		E84E92BD1FB203A700E80816 /* Debug */ = {
			isa = XCBuildConfiguration;
			buildSettings = {
				ALWAYS_SEARCH_USER_PATHS = NO;
				CLANG_ANALYZER_NONNULL = YES;
				CLANG_ANALYZER_NUMBER_OBJECT_CONVERSION = YES_AGGRESSIVE;
				CLANG_CXX_LANGUAGE_STANDARD = "gnu++14";
				CLANG_CXX_LIBRARY = "libc++";
				CLANG_ENABLE_MODULES = YES;
				CLANG_ENABLE_OBJC_ARC = YES;
				CLANG_WARN_BLOCK_CAPTURE_AUTORELEASING = YES;
				CLANG_WARN_BOOL_CONVERSION = YES;
				CLANG_WARN_COMMA = YES;
				CLANG_WARN_CONSTANT_CONVERSION = YES;
				CLANG_WARN_DEPRECATED_OBJC_IMPLEMENTATIONS = YES;
				CLANG_WARN_DIRECT_OBJC_ISA_USAGE = YES_ERROR;
				CLANG_WARN_DOCUMENTATION_COMMENTS = YES;
				CLANG_WARN_EMPTY_BODY = YES;
				CLANG_WARN_ENUM_CONVERSION = YES;
				CLANG_WARN_INFINITE_RECURSION = YES;
				CLANG_WARN_INT_CONVERSION = YES;
				CLANG_WARN_NON_LITERAL_NULL_CONVERSION = YES;
				CLANG_WARN_OBJC_IMPLICIT_RETAIN_SELF = YES;
				CLANG_WARN_OBJC_LITERAL_CONVERSION = YES;
				CLANG_WARN_OBJC_ROOT_CLASS = YES_ERROR;
				CLANG_WARN_RANGE_LOOP_ANALYSIS = YES;
				CLANG_WARN_STRICT_PROTOTYPES = YES;
				CLANG_WARN_SUSPICIOUS_MOVE = YES;
				CLANG_WARN_UNGUARDED_AVAILABILITY = YES_AGGRESSIVE;
				CLANG_WARN_UNREACHABLE_CODE = YES;
				CLANG_WARN__DUPLICATE_METHOD_MATCH = YES;
				CODE_SIGN_IDENTITY = "iPhone Developer";
				COPY_PHASE_STRIP = NO;
				CURRENT_PROJECT_VERSION = 1;
				DEBUG_INFORMATION_FORMAT = dwarf;
				ENABLE_STRICT_OBJC_MSGSEND = YES;
				ENABLE_TESTABILITY = YES;
				GCC_C_LANGUAGE_STANDARD = gnu11;
				GCC_DYNAMIC_NO_PIC = NO;
				GCC_NO_COMMON_BLOCKS = YES;
				GCC_OPTIMIZATION_LEVEL = 0;
				GCC_PREPROCESSOR_DEFINITIONS = (
					"DEBUG=1",
					"$(inherited)",
				);
				GCC_WARN_64_TO_32_BIT_CONVERSION = YES;
				GCC_WARN_ABOUT_RETURN_TYPE = YES_ERROR;
				GCC_WARN_UNDECLARED_SELECTOR = YES;
				GCC_WARN_UNINITIALIZED_AUTOS = YES_AGGRESSIVE;
				GCC_WARN_UNUSED_FUNCTION = YES;
				GCC_WARN_UNUSED_VARIABLE = YES;
				IPHONEOS_DEPLOYMENT_TARGET = 8.0;
				MTL_ENABLE_DEBUG_INFO = YES;
				ONLY_ACTIVE_ARCH = YES;
				SDKROOT = iphoneos;
				SWIFT_ACTIVE_COMPILATION_CONDITIONS = DEBUG;
				SWIFT_OPTIMIZATION_LEVEL = "-Onone";
				VERSIONING_SYSTEM = "apple-generic";
				VERSION_INFO_PREFIX = "";
			};
			name = Debug;
		};
		E84E92BE1FB203A700E80816 /* Release */ = {
			isa = XCBuildConfiguration;
			buildSettings = {
				ALWAYS_SEARCH_USER_PATHS = NO;
				CLANG_ANALYZER_NONNULL = YES;
				CLANG_ANALYZER_NUMBER_OBJECT_CONVERSION = YES_AGGRESSIVE;
				CLANG_CXX_LANGUAGE_STANDARD = "gnu++14";
				CLANG_CXX_LIBRARY = "libc++";
				CLANG_ENABLE_MODULES = YES;
				CLANG_ENABLE_OBJC_ARC = YES;
				CLANG_WARN_BLOCK_CAPTURE_AUTORELEASING = YES;
				CLANG_WARN_BOOL_CONVERSION = YES;
				CLANG_WARN_COMMA = YES;
				CLANG_WARN_CONSTANT_CONVERSION = YES;
				CLANG_WARN_DEPRECATED_OBJC_IMPLEMENTATIONS = YES;
				CLANG_WARN_DIRECT_OBJC_ISA_USAGE = YES_ERROR;
				CLANG_WARN_DOCUMENTATION_COMMENTS = YES;
				CLANG_WARN_EMPTY_BODY = YES;
				CLANG_WARN_ENUM_CONVERSION = YES;
				CLANG_WARN_INFINITE_RECURSION = YES;
				CLANG_WARN_INT_CONVERSION = YES;
				CLANG_WARN_NON_LITERAL_NULL_CONVERSION = YES;
				CLANG_WARN_OBJC_IMPLICIT_RETAIN_SELF = YES;
				CLANG_WARN_OBJC_LITERAL_CONVERSION = YES;
				CLANG_WARN_OBJC_ROOT_CLASS = YES_ERROR;
				CLANG_WARN_RANGE_LOOP_ANALYSIS = YES;
				CLANG_WARN_STRICT_PROTOTYPES = YES;
				CLANG_WARN_SUSPICIOUS_MOVE = YES;
				CLANG_WARN_UNGUARDED_AVAILABILITY = YES_AGGRESSIVE;
				CLANG_WARN_UNREACHABLE_CODE = YES;
				CLANG_WARN__DUPLICATE_METHOD_MATCH = YES;
				CODE_SIGN_IDENTITY = "iPhone Developer";
				COPY_PHASE_STRIP = NO;
				CURRENT_PROJECT_VERSION = 1;
				DEBUG_INFORMATION_FORMAT = "dwarf-with-dsym";
				ENABLE_NS_ASSERTIONS = NO;
				ENABLE_STRICT_OBJC_MSGSEND = YES;
				GCC_C_LANGUAGE_STANDARD = gnu11;
				GCC_NO_COMMON_BLOCKS = YES;
				GCC_WARN_64_TO_32_BIT_CONVERSION = YES;
				GCC_WARN_ABOUT_RETURN_TYPE = YES_ERROR;
				GCC_WARN_UNDECLARED_SELECTOR = YES;
				GCC_WARN_UNINITIALIZED_AUTOS = YES_AGGRESSIVE;
				GCC_WARN_UNUSED_FUNCTION = YES;
				GCC_WARN_UNUSED_VARIABLE = YES;
				IPHONEOS_DEPLOYMENT_TARGET = 8.0;
				MTL_ENABLE_DEBUG_INFO = NO;
				SDKROOT = iphoneos;
				SWIFT_OPTIMIZATION_LEVEL = "-Owholemodule";
				VALIDATE_PRODUCT = YES;
				VERSIONING_SYSTEM = "apple-generic";
				VERSION_INFO_PREFIX = "";
			};
			name = Release;
		};
		E84E92C01FB203A700E80816 /* Debug */ = {
			isa = XCBuildConfiguration;
			buildSettings = {
				CODE_SIGN_IDENTITY = "";
				CODE_SIGN_STYLE = Automatic;
				DEFINES_MODULE = YES;
				DEVELOPMENT_TEAM = 3KU6KJU4K4;
				DYLIB_COMPATIBILITY_VERSION = 1;
				DYLIB_CURRENT_VERSION = 1;
				DYLIB_INSTALL_NAME_BASE = "@rpath";
				ENABLE_BITCODE = NO;
				HEADER_SEARCH_PATHS = "$(PROJECT_DIR)/SatispayInStore/Modules/iOS/OpenSSL";
				INFOPLIST_FILE = SatispayInStore/Info.plist;
				INSTALL_PATH = "$(LOCAL_LIBRARY_DIR)/Frameworks";
				IPHONEOS_DEPLOYMENT_TARGET = 8.0;
				LD_RUNPATH_SEARCH_PATHS = "$(inherited) @executable_path/Frameworks @loader_path/Frameworks";
				LIBRARY_SEARCH_PATHS = (
					"$(inherited)",
					"$(PROJECT_DIR)/OpenSSL/lib-ios",
				);
				PRODUCT_BUNDLE_IDENTIFIER = "com.satispay.InStore-iOS";
				PRODUCT_NAME = SatispayInStore;
				SKIP_INSTALL = YES;
				SWIFT_INCLUDE_PATHS = "$(SRCROOT)/SatispayInStore/Modules/iOS/**";
				SWIFT_VERSION = 4.2;
				TARGETED_DEVICE_FAMILY = "1,2";
			};
			name = Debug;
		};
		E84E92C11FB203A700E80816 /* Release */ = {
			isa = XCBuildConfiguration;
			buildSettings = {
				CODE_SIGN_IDENTITY = "";
				CODE_SIGN_STYLE = Automatic;
				DEFINES_MODULE = YES;
				DEVELOPMENT_TEAM = 3KU6KJU4K4;
				DYLIB_COMPATIBILITY_VERSION = 1;
				DYLIB_CURRENT_VERSION = 1;
				DYLIB_INSTALL_NAME_BASE = "@rpath";
				ENABLE_BITCODE = NO;
				HEADER_SEARCH_PATHS = "$(PROJECT_DIR)/SatispayInStore/Modules/iOS/OpenSSL";
				INFOPLIST_FILE = SatispayInStore/Info.plist;
				INSTALL_PATH = "$(LOCAL_LIBRARY_DIR)/Frameworks";
				IPHONEOS_DEPLOYMENT_TARGET = 8.0;
				LD_RUNPATH_SEARCH_PATHS = "$(inherited) @executable_path/Frameworks @loader_path/Frameworks";
				LIBRARY_SEARCH_PATHS = (
					"$(inherited)",
					"$(PROJECT_DIR)/OpenSSL/lib-ios",
				);
				PRODUCT_BUNDLE_IDENTIFIER = "com.satispay.InStore-iOS";
				PRODUCT_NAME = SatispayInStore;
				SKIP_INSTALL = YES;
				SWIFT_INCLUDE_PATHS = "$(SRCROOT)/SatispayInStore/Modules/iOS/**";
				SWIFT_VERSION = 4.2;
				TARGETED_DEVICE_FAMILY = "1,2";
			};
			name = Release;
		};
		E8C75FD91FC6BC91001B5E7A /* Debug */ = {
			isa = XCBuildConfiguration;
			buildSettings = {
				ASSETCATALOG_COMPILER_APPICON_NAME = AppIcon;
				CODE_SIGN_STYLE = Manual;
				DEVELOPMENT_TEAM = "";
				INFOPLIST_FILE = Example/Info.plist;
				IPHONEOS_DEPLOYMENT_TARGET = 10.0;
				LD_RUNPATH_SEARCH_PATHS = "$(inherited) @executable_path/Frameworks";
				PRODUCT_BUNDLE_IDENTIFIER = com.satispay.SatispayInStore.Example;
				PRODUCT_NAME = "$(TARGET_NAME)";
				PROVISIONING_PROFILE_SPECIFIER = "";
				SWIFT_VERSION = 4.2;
				TARGETED_DEVICE_FAMILY = "1,2";
			};
			name = Debug;
		};
		E8C75FDA1FC6BC91001B5E7A /* Release */ = {
			isa = XCBuildConfiguration;
			buildSettings = {
				ASSETCATALOG_COMPILER_APPICON_NAME = AppIcon;
				CODE_SIGN_STYLE = Manual;
				DEVELOPMENT_TEAM = "";
				INFOPLIST_FILE = Example/Info.plist;
				IPHONEOS_DEPLOYMENT_TARGET = 10.0;
				LD_RUNPATH_SEARCH_PATHS = "$(inherited) @executable_path/Frameworks";
				PRODUCT_BUNDLE_IDENTIFIER = com.satispay.SatispayInStore.Example;
				PRODUCT_NAME = "$(TARGET_NAME)";
				PROVISIONING_PROFILE_SPECIFIER = "";
				SWIFT_VERSION = 4.2;
				TARGETED_DEVICE_FAMILY = "1,2";
			};
			name = Release;
		};
		E8E3447F2010BF330049385F /* Debug */ = {
			isa = XCBuildConfiguration;
			buildSettings = {
				CODE_SIGN_IDENTITY = "";
				CODE_SIGN_STYLE = Automatic;
				COMBINE_HIDPI_IMAGES = YES;
				DEFINES_MODULE = YES;
				DEVELOPMENT_TEAM = 3KU6KJU4K4;
				DYLIB_COMPATIBILITY_VERSION = 1;
				DYLIB_CURRENT_VERSION = 1;
				DYLIB_INSTALL_NAME_BASE = "@rpath";
				FRAMEWORK_VERSION = A;
				HEADER_SEARCH_PATHS = "$(PROJECT_DIR)/SatispayInStore/Modules/macOS/OpenSSL";
				INFOPLIST_FILE = "SatispayInStore-macOS/Info.plist";
				INSTALL_PATH = "$(LOCAL_LIBRARY_DIR)/Frameworks";
				LD_RUNPATH_SEARCH_PATHS = "$(inherited) @executable_path/Frameworks @loader_path/Frameworks";
				LIBRARY_SEARCH_PATHS = "$(PROJECT_DIR)/OpenSSL/lib-macos";
				MACOSX_DEPLOYMENT_TARGET = 10.10;
				PRODUCT_BUNDLE_IDENTIFIER = "com.satispay.InStore-macOS";
				PRODUCT_NAME = "$(TARGET_NAME:c99extidentifier)";
				SDKROOT = macosx;
				SKIP_INSTALL = YES;
				SWIFT_INCLUDE_PATHS = "$(SRCROOT)/SatispayInStore/Modules/macOS";
				SWIFT_VERSION = 5.0;
			};
			name = Debug;
		};
		E8E344802010BF330049385F /* Release */ = {
			isa = XCBuildConfiguration;
			buildSettings = {
				CODE_SIGN_IDENTITY = "";
				CODE_SIGN_STYLE = Automatic;
				COMBINE_HIDPI_IMAGES = YES;
				DEFINES_MODULE = YES;
				DEVELOPMENT_TEAM = 3KU6KJU4K4;
				DYLIB_COMPATIBILITY_VERSION = 1;
				DYLIB_CURRENT_VERSION = 1;
				DYLIB_INSTALL_NAME_BASE = "@rpath";
				FRAMEWORK_VERSION = A;
				HEADER_SEARCH_PATHS = "$(PROJECT_DIR)/SatispayInStore/Modules/macOS/OpenSSL";
				INFOPLIST_FILE = "SatispayInStore-macOS/Info.plist";
				INSTALL_PATH = "$(LOCAL_LIBRARY_DIR)/Frameworks";
				LD_RUNPATH_SEARCH_PATHS = "$(inherited) @executable_path/Frameworks @loader_path/Frameworks";
				LIBRARY_SEARCH_PATHS = "$(PROJECT_DIR)/OpenSSL/lib-macos";
				MACOSX_DEPLOYMENT_TARGET = 10.10;
				PRODUCT_BUNDLE_IDENTIFIER = "com.satispay.InStore-macOS";
				PRODUCT_NAME = "$(TARGET_NAME:c99extidentifier)";
				SDKROOT = macosx;
				SKIP_INSTALL = YES;
				SWIFT_INCLUDE_PATHS = "$(SRCROOT)/SatispayInStore/Modules/macOS";
				SWIFT_VERSION = 5.0;
			};
			name = Release;
		};
/* End XCBuildConfiguration section */

/* Begin XCConfigurationList section */
		E800599A1FB46A68005E8DD6 /* Build configuration list for PBXLegacyTarget "OpenSSL" */ = {
			isa = XCConfigurationList;
			buildConfigurations = (
				E800599B1FB46A68005E8DD6 /* Debug */,
				E800599C1FB46A68005E8DD6 /* Release */,
			);
			defaultConfigurationIsVisible = 0;
			defaultConfigurationName = Release;
		};
		E84923D81FC58F500037C6CD /* Build configuration list for PBXAggregateTarget "Linting" */ = {
			isa = XCConfigurationList;
			buildConfigurations = (
				E84923D61FC58F500037C6CD /* Debug */,
				E84923D71FC58F500037C6CD /* Release */,
			);
			defaultConfigurationIsVisible = 0;
			defaultConfigurationName = Release;
		};
		E84E92B11FB203A700E80816 /* Build configuration list for PBXProject "SatispayInStore" */ = {
			isa = XCConfigurationList;
			buildConfigurations = (
				E84E92BD1FB203A700E80816 /* Debug */,
				E84E92BE1FB203A700E80816 /* Release */,
			);
			defaultConfigurationIsVisible = 0;
			defaultConfigurationName = Release;
		};
		E84E92BF1FB203A700E80816 /* Build configuration list for PBXNativeTarget "SatispayInStore-iOS" */ = {
			isa = XCConfigurationList;
			buildConfigurations = (
				E84E92C01FB203A700E80816 /* Debug */,
				E84E92C11FB203A700E80816 /* Release */,
			);
			defaultConfigurationIsVisible = 0;
			defaultConfigurationName = Release;
		};
		E8C75FDB1FC6BC91001B5E7A /* Build configuration list for PBXNativeTarget "Example" */ = {
			isa = XCConfigurationList;
			buildConfigurations = (
				E8C75FD91FC6BC91001B5E7A /* Debug */,
				E8C75FDA1FC6BC91001B5E7A /* Release */,
			);
			defaultConfigurationIsVisible = 0;
			defaultConfigurationName = Release;
		};
		E8E344812010BF330049385F /* Build configuration list for PBXNativeTarget "SatispayInStore-macOS" */ = {
			isa = XCConfigurationList;
			buildConfigurations = (
				E8E3447F2010BF330049385F /* Debug */,
				E8E344802010BF330049385F /* Release */,
			);
			defaultConfigurationIsVisible = 0;
			defaultConfigurationName = Release;
		};
/* End XCConfigurationList section */
	};
	rootObject = E84E92AE1FB203A700E80816 /* Project object */;
}
